{
  "version": 4,
  "terraform_version": "1.1.2",
  "serial": 269,
  "lineage": "71c6551a-acff-9b31-a1be-8bd372949d7e",
  "outputs": {},
  "resources": [
    {
      "module": "module.ecr_ecs_ci_user",
      "mode": "managed",
      "type": "aws_iam_user",
      "name": "ci_user",
      "provider": "provider[\"registry.terraform.io/hashicorp/aws\"]",
      "instances": [
        {
          "index_key": 0,
          "schema_version": 0,
          "attributes": {
            "arn": "arn:aws:iam::992293952919:user/ci-node-app-prod-server-user",
            "force_destroy": false,
            "id": "ci-node-app-prod-server-user",
            "name": "ci-node-app-prod-server-user",
            "path": "/",
            "permissions_boundary": null,
            "tags": {},
            "unique_id": "AIDA6OCKUDWLVZJSJDWD3"
          },
          "sensitive_attributes": [],
          "private": "bnVsbA=="
        }
      ]
    }
  ]
}
