{
  "version": 4,
  "terraform_version": "1.1.2",
  "serial": 427,
  "lineage": "71c6551a-acff-9b31-a1be-8bd372949d7e",
  "outputs": {
    "alb_url": {
      "value": "web-dev-lb-1717045398.us-east-1.elb.amazonaws.com",
      "type": "string"
    },
    "aws_iam_access_id": {
      "value": "AKIA6OCKUDWL2TYWEY4Z",
      "type": "string",
      "sensitive": true
    },
    "aws_iam_access_key": {
      "value": "XHxefrr/GUAY+x2XhKIq6vFFNWDZDs6lsRV+xn6u",
      "type": "string",
      "sensitive": true
    },
    "aws_region": {
      "value": "us-east-1",
      "type": "string"
    },
    "ecr_repo_path": {
      "value": "web/node-app/nextjs",
      "type": "string"
    },
    "ecr_repo_url": {
      "value": "992293952919.dkr.ecr.us-east-1.amazonaws.com",
      "type": "string"
    },
    "this_rds_cluster_endpoint": {
      "value": "aurora.cluster-cxntvube3dnm.us-east-1.rds.amazonaws.com",
      "type": "string"
    },
    "this_rds_cluster_port": {
      "value": 5432,
      "type": "number"
    },
    "this_rds_cluster_reader_endpoint": {
      "value": "",
      "type": "string"
    }
  },
  "resources": [
    {
      "mode": "data",
      "type": "aws_caller_identity",
      "name": "current",
      "provider": "provider[\"registry.terraform.io/hashicorp/aws\"]",
      "instances": [
        {
          "schema_version": 0,
          "attributes": {
            "account_id": "992293952919",
            "arn": "arn:aws:iam::992293952919:user/lawangin",
            "id": "992293952919",
            "user_id": "AIDA6OCKUDWL665BFEYH3"
          },
          "sensitive_attributes": []
        }
      ]
    },
    {
      "mode": "data",
      "type": "aws_iam_policy_document",
      "name": "codedeploy_assume_role",
      "provider": "provider[\"registry.terraform.io/hashicorp/aws\"]",
      "instances": [
        {
          "schema_version": 0,
          "attributes": {
            "id": "1717932134",
            "json": "{\n  \"Version\": \"2012-10-17\",\n  \"Statement\": [\n    {\n      \"Sid\": \"\",\n      \"Effect\": \"Allow\",\n      \"Action\": \"sts:AssumeRole\",\n      \"Principal\": {\n        \"Service\": \"codedeploy.amazonaws.com\"\n      }\n    }\n  ]\n}",
            "override_json": null,
            "override_policy_documents": null,
            "policy_id": null,
            "source_json": null,
            "source_policy_documents": null,
            "statement": [
              {
                "actions": [
                  "sts:AssumeRole"
                ],
                "condition": [],
                "effect": "Allow",
                "not_actions": [],
                "not_principals": [],
                "not_resources": [],
                "principals": [
                  {
                    "identifiers": [
                      "codedeploy.amazonaws.com"
                    ],
                    "type": "Service"
                  }
                ],
                "resources": [],
                "sid": ""
              }
            ],
            "version": "2012-10-17"
          },
          "sensitive_attributes": []
        }
      ]
    },
    {
      "mode": "data",
      "type": "template_file",
      "name": "task_def_generated",
      "provider": "provider[\"registry.terraform.io/hashicorp/template\"]",
      "instances": [
        {
          "schema_version": 0,
          "attributes": {
            "filename": null,
            "id": "8d720714f27616a7e25a4466c3225ed2b2dfc26cf69cb9d9f510464841345033",
            "rendered": "{\n  \"family\": \"task-definition-node\",\n  \"networkMode\": \"awsvpc\",\n  \"requiresCompatibilities\": [\n    \"FARGATE\"\n  ],\n  \"cpu\": \"512\",\n  \"memory\": \"1024\",\n  \"executionRoleArn\": \"arn:aws:iam::992293952919:role/Policy-Ecs-Execution-Role\",\n  \"containerDefinitions\": [\n    {\n      \"name\": \"nextjs-image\",\n      \"image\": \"nginx:latest\",\n      \"memoryReservation\": 1024,\n      \"portMappings\": [\n        {\n          \"containerPort\": 3000,\n          \"hostPort\": 3000\n        }\n      ],\n      \"environment\": [\n        {\n          \"name\": \"PORT\",\n          \"value\": \"3000\"\n        }\n      ],\n      \"logConfiguration\": {\n        \"logDriver\": \"awslogs\",\n        \"options\": {\n          \"awslogs-group\": \"/aws/ecs/node-app-prod\",\n          \"awslogs-region\": \"us-east-1\",\n          \"awslogs-stream-prefix\": \"ecs\"\n        }\n      },\n      \"secrets\": []\n    }\n  ]\n}",
            "template": "{\n  \"family\": \"task-definition-node\",\n  \"networkMode\": \"${network_mode}\",\n  \"requiresCompatibilities\": [\n    \"${launch_type}\"\n  ],\n  \"cpu\": \"${cpu}\",\n  \"memory\": \"${memory}\",\n  \"executionRoleArn\": \"${ecs_execution_role}\",\n  \"containerDefinitions\": [\n    {\n      \"name\": \"${name}\",\n      \"image\": \"nginx:latest\",\n      \"memoryReservation\": ${memory},\n      \"portMappings\": [\n        {\n          \"containerPort\": ${port},\n          \"hostPort\": ${port}\n        }\n      ],\n      \"environment\": [\n        {\n          \"name\": \"PORT\",\n          \"value\": \"${port}\"\n        }\n      ],\n      \"logConfiguration\": {\n        \"logDriver\": \"awslogs\",\n        \"options\": {\n          \"awslogs-group\": \"${log_group}\",\n          \"awslogs-region\": \"${aws_region}\",\n          \"awslogs-stream-prefix\": \"ecs\"\n        }\n      },\n      \"secrets\": []\n    }\n  ]\n}",
            "vars": {
              "aws_region": "us-east-1",
              "cpu": "512",
              "ecs_execution_role": "arn:aws:iam::992293952919:role/Policy-Ecs-Execution-Role",
              "env": "prod",
              "launch_type": "FARGATE",
              "log_group": "/aws/ecs/node-app-prod",
              "memory": "1024",
              "name": "nextjs-image",
              "network_mode": "awsvpc",
              "port": "3000"
            }
          },
          "sensitive_attributes": []
        }
      ]
    },
    {
      "mode": "managed",
      "type": "aws_cloudwatch_log_group",
      "name": "ecs",
      "provider": "provider[\"registry.terraform.io/hashicorp/aws\"]",
      "instances": [
        {
          "schema_version": 0,
          "attributes": {
            "arn": "arn:aws:logs:us-east-1:992293952919:log-group:/aws/ecs/node-app-prod",
            "id": "/aws/ecs/node-app-prod",
            "kms_key_id": "",
            "name": "/aws/ecs/node-app-prod",
            "name_prefix": null,
            "retention_in_days": 1,
            "tags": {},
            "tags_all": {}
          },
          "sensitive_attributes": [],
          "private": "bnVsbA=="
        }
      ]
    },
    {
      "mode": "managed",
      "type": "aws_codedeploy_app",
      "name": "node_app",
      "provider": "provider[\"registry.terraform.io/hashicorp/aws\"]",
      "instances": [
        {
          "schema_version": 0,
          "attributes": {
            "application_id": "e18c6542-ed07-4cf7-b02e-471d29465a3a",
            "arn": "arn:aws:codedeploy:us-east-1:992293952919:application:deployment-app-node-app-prod",
            "compute_platform": "ECS",
            "github_account_name": "",
            "id": "e18c6542-ed07-4cf7-b02e-471d29465a3a:deployment-app-node-app-prod",
            "linked_to_github": false,
            "name": "deployment-app-node-app-prod",
            "tags": {},
            "tags_all": {}
          },
          "sensitive_attributes": [],
          "private": "bnVsbA=="
        }
      ]
    },
    {
      "mode": "managed",
      "type": "aws_codedeploy_deployment_config",
      "name": "custom_canary",
      "provider": "provider[\"registry.terraform.io/hashicorp/aws\"]",
      "instances": [
        {
          "schema_version": 0,
          "attributes": {
            "compute_platform": "ECS",
            "deployment_config_id": "4c42b07e-b64c-4f74-82a9-8c599a22f325",
            "deployment_config_name": "EcsCanary25Percent20Minutes",
            "id": "EcsCanary25Percent20Minutes",
            "minimum_healthy_hosts": [],
            "traffic_routing_config": [
              {
                "time_based_canary": [
                  {
                    "interval": 5,
                    "percentage": 25
                  }
                ],
                "time_based_linear": [],
                "type": "TimeBasedCanary"
              }
            ]
          },
          "sensitive_attributes": [],
          "private": "bnVsbA=="
        }
      ]
    },
    {
      "mode": "managed",
      "type": "aws_codedeploy_deployment_group",
      "name": "node_app",
      "provider": "provider[\"registry.terraform.io/hashicorp/aws\"]",
      "instances": [
        {
          "schema_version": 0,
          "attributes": {
            "alarm_configuration": [
              {
                "alarms": [
                  "node-app-http-target-error-rate",
                  "node-app-prod-application-error-rate"
                ],
                "enabled": true,
                "ignore_poll_alarm_failure": false
              }
            ],
            "app_name": "deployment-app-node-app-prod",
            "arn": "arn:aws:codedeploy:us-east-1:992293952919:deploymentgroup:deployment-app-node-app-prod/deployment-group-node-app-prod",
            "auto_rollback_configuration": [
              {
                "enabled": true,
                "events": [
                  "DEPLOYMENT_FAILURE",
                  "DEPLOYMENT_STOP_ON_ALARM"
                ]
              }
            ],
            "autoscaling_groups": [],
            "blue_green_deployment_config": [
              {
                "deployment_ready_option": [
                  {
                    "action_on_timeout": "CONTINUE_DEPLOYMENT",
                    "wait_time_in_minutes": 0
                  }
                ],
                "green_fleet_provisioning_option": [],
                "terminate_blue_instances_on_deployment_success": [
                  {
                    "action": "TERMINATE",
                    "termination_wait_time_in_minutes": 0
                  }
                ]
              }
            ],
            "compute_platform": "ECS",
            "deployment_config_name": "EcsCanary25Percent20Minutes",
            "deployment_group_id": "81c9b077-db13-403b-b3a8-4968eea02af6",
            "deployment_group_name": "deployment-group-node-app-prod",
            "deployment_style": [
              {
                "deployment_option": "WITH_TRAFFIC_CONTROL",
                "deployment_type": "BLUE_GREEN"
              }
            ],
            "ec2_tag_filter": [],
            "ec2_tag_set": [],
            "ecs_service": [
              {
                "cluster_name": "web-cluster-node-app-prod",
                "service_name": "web-service-node-app-prod"
              }
            ],
            "id": "81c9b077-db13-403b-b3a8-4968eea02af6",
            "load_balancer_info": [
              {
                "elb_info": [],
                "target_group_info": [],
                "target_group_pair_info": [
                  {
                    "prod_traffic_route": [
                      {
                        "listener_arns": [
                          "arn:aws:elasticloadbalancing:us-east-1:992293952919:listener/app/web-dev-lb/cec9619e680814cb/3f931f0e2c02ce82"
                        ]
                      }
                    ],
                    "target_group": [
                      {
                        "name": "node-app-blue-dev-lb-tg"
                      },
                      {
                        "name": "node-app-green-dev-lb-tg"
                      }
                    ],
                    "test_traffic_route": []
                  }
                ]
              }
            ],
            "on_premises_instance_tag_filter": [],
            "service_role_arn": "arn:aws:iam::992293952919:role/CodeDeployRolenode-app",
            "tags": {},
            "tags_all": {},
            "trigger_configuration": []
          },
          "sensitive_attributes": [],
          "private": "bnVsbA==",
          "dependencies": [
            "module.ecs_roles.data.aws_iam_policy_document.ecs_task_assume_role",
            "module.ecs_tg_blue.aws_lb_target_group.alb_tg",
            "module.ecs_tg_green.aws_lb_target_group.alb_tg",
            "aws_codedeploy_app.node_app",
            "data.aws_iam_policy_document.codedeploy_assume_role",
            "aws_iam_role.codedeploy_role",
            "data.template_file.task_def_generated",
            "module.alb.aws_lb.alb",
            "module.alb.aws_lb_listener.http",
            "module.ecs_roles.aws_iam_role.ecs_execution_role",
            "module.ecs_tg.aws_lb_target_group.alb_tg",
            "aws_ecs_cluster.web_cluster",
            "aws_ecs_service.web_ecs_service",
            "module.networking.aws_subnet.public_subnets",
            "module.networking.aws_subnet.private_subnets",
            "module.networking.aws_vpc.main",
            "aws_codedeploy_deployment_config.custom_canary",
            "aws_security_group.alb_ecs_sg",
            "module.ecs_roles.aws_iam_role.ecs_task_role",
            "aws_ecs_task_definition.nextjs",
            "aws_security_group.ecs_sg"
          ]
        }
      ]
    },
    {
      "mode": "managed",
      "type": "aws_ecr_repository",
      "name": "main",
      "provider": "provider[\"registry.terraform.io/hashicorp/aws\"]",
      "instances": [
        {
          "schema_version": 0,
          "attributes": {
            "arn": "arn:aws:ecr:us-east-1:992293952919:repository/web/node-app/nextjs",
            "encryption_configuration": [
              {
                "encryption_type": "AES256",
                "kms_key": ""
              }
            ],
            "id": "web/node-app/nextjs",
            "image_scanning_configuration": [
              {
                "scan_on_push": false
              }
            ],
            "image_tag_mutability": "MUTABLE",
            "name": "web/node-app/nextjs",
            "registry_id": "992293952919",
            "repository_url": "992293952919.dkr.ecr.us-east-1.amazonaws.com/web/node-app/nextjs",
            "tags": {},
            "tags_all": {},
            "timeouts": null
          },
          "sensitive_attributes": [],
          "private": "eyJlMmJmYjczMC1lY2FhLTExZTYtOGY4OC0zNDM2M2JjN2M0YzAiOnsiZGVsZXRlIjoxMjAwMDAwMDAwMDAwfX0="
        }
      ]
    },
    {
      "mode": "managed",
      "type": "aws_ecs_cluster",
      "name": "web_cluster",
      "provider": "provider[\"registry.terraform.io/hashicorp/aws\"]",
      "instances": [
        {
          "schema_version": 0,
          "attributes": {
            "arn": "arn:aws:ecs:us-east-1:992293952919:cluster/web-cluster-node-app-prod",
            "capacity_providers": [],
            "configuration": [],
            "default_capacity_provider_strategy": [],
            "id": "arn:aws:ecs:us-east-1:992293952919:cluster/web-cluster-node-app-prod",
            "name": "web-cluster-node-app-prod",
            "setting": [
              {
                "name": "containerInsights",
                "value": "enabled"
              }
            ],
            "tags": {},
            "tags_all": {}
          },
          "sensitive_attributes": [],
          "private": "bnVsbA=="
        }
      ]
    },
    {
      "mode": "managed",
      "type": "aws_ecs_service",
      "name": "web_ecs_service",
      "provider": "provider[\"registry.terraform.io/hashicorp/aws\"]",
      "instances": [
        {
          "schema_version": 0,
          "attributes": {
            "capacity_provider_strategy": [],
            "cluster": "arn:aws:ecs:us-east-1:992293952919:cluster/web-cluster-node-app-prod",
            "deployment_circuit_breaker": [],
            "deployment_controller": [
              {
                "type": "CODE_DEPLOY"
              }
            ],
            "deployment_maximum_percent": 200,
            "deployment_minimum_healthy_percent": 100,
            "desired_count": 2,
            "enable_ecs_managed_tags": false,
            "enable_execute_command": false,
            "force_new_deployment": null,
            "health_check_grace_period_seconds": 0,
            "iam_role": "aws-service-role",
            "id": "arn:aws:ecs:us-east-1:992293952919:service/web-cluster-node-app-prod/web-service-node-app-prod",
            "launch_type": "FARGATE",
            "load_balancer": [
              {
                "container_name": "nextjs-image",
                "container_port": 3000,
                "elb_name": "",
                "target_group_arn": "arn:aws:elasticloadbalancing:us-east-1:992293952919:targetgroup/node-app-blue-dev-lb-tg/fca8f85519407fd4"
              }
            ],
            "name": "web-service-node-app-prod",
            "network_configuration": [
              {
                "assign_public_ip": false,
                "security_groups": [
                  "sg-03265af8d82bd3723"
                ],
                "subnets": [
                  "subnet-0404a9129a61f437c",
                  "subnet-09f33739b82107101"
                ]
              }
            ],
            "ordered_placement_strategy": [],
            "placement_constraints": [],
            "platform_version": "1.4.0",
            "propagate_tags": "NONE",
            "scheduling_strategy": "REPLICA",
            "service_registries": [],
            "tags": {
              "Name": "web-service-node-app-prod"
            },
            "tags_all": {
              "Name": "web-service-node-app-prod"
            },
            "task_definition": "arn:aws:ecs:us-east-1:992293952919:task-definition/task-definition-node:8",
            "timeouts": null,
            "wait_for_steady_state": false
          },
          "sensitive_attributes": [],
          "private": "eyJlMmJmYjczMC1lY2FhLTExZTYtOGY4OC0zNDM2M2JjN2M0YzAiOnsiZGVsZXRlIjoxMjAwMDAwMDAwMDAwfX0=",
          "dependencies": [
            "aws_ecs_cluster.web_cluster",
            "aws_ecs_task_definition.nextjs",
            "aws_security_group.ecs_sg",
            "module.alb.aws_lb.alb",
            "module.ecs_tg.aws_lb_target_group.alb_tg",
            "module.ecs_tg_blue.aws_lb_target_group.alb_tg",
            "module.networking.aws_subnet.private_subnets"
          ]
        }
      ]
    },
    {
      "mode": "managed",
      "type": "aws_ecs_task_definition",
      "name": "nextjs",
      "provider": "provider[\"registry.terraform.io/hashicorp/aws\"]",
      "instances": [
        {
          "schema_version": 1,
          "attributes": {
            "arn": "arn:aws:ecs:us-east-1:992293952919:task-definition/task-definition-node:8",
            "container_definitions": "[{\"cpu\":0,\"environment\":[{\"name\":\"PORT\",\"value\":\"3000\"}],\"essential\":true,\"image\":\"nginx:latest\",\"logConfiguration\":{\"logDriver\":\"awslogs\",\"options\":{\"awslogs-group\":\"/aws/ecs/node-app-prod\",\"awslogs-region\":\"us-east-1\",\"awslogs-stream-prefix\":\"ecs\"}},\"memoryReservation\":1024,\"mountPoints\":[],\"name\":\"nextjs-image\",\"portMappings\":[{\"containerPort\":3000,\"hostPort\":3000,\"protocol\":\"tcp\"}],\"secrets\":[],\"volumesFrom\":[]}]",
            "cpu": "512",
            "ephemeral_storage": [],
            "execution_role_arn": "arn:aws:iam::992293952919:role/Policy-Ecs-Execution-Role",
            "family": "task-definition-node",
            "id": "task-definition-node",
            "inference_accelerator": [],
            "ipc_mode": "",
            "memory": "1024",
            "network_mode": "awsvpc",
            "pid_mode": "",
            "placement_constraints": [],
            "proxy_configuration": [],
            "requires_compatibilities": [
              "FARGATE"
            ],
            "revision": 8,
            "runtime_platform": [],
            "tags": {},
            "tags_all": {},
            "task_role_arn": "arn:aws:iam::992293952919:role/Policy-Ecs-Task-Role",
            "volume": []
          },
          "sensitive_attributes": [],
          "private": "eyJzY2hlbWFfdmVyc2lvbiI6IjEifQ==",
          "dependencies": [
            "module.ecs_roles.data.aws_iam_policy_document.ecs_task_assume_role",
            "data.template_file.task_def_generated",
            "module.ecs_roles.aws_iam_role.ecs_execution_role",
            "module.ecs_roles.aws_iam_role.ecs_task_role"
          ]
        }
      ]
    },
    {
      "mode": "managed",
      "type": "aws_iam_role",
      "name": "codedeploy_role",
      "provider": "provider[\"registry.terraform.io/hashicorp/aws\"]",
      "instances": [
        {
          "schema_version": 0,
          "attributes": {
            "arn": "arn:aws:iam::992293952919:role/CodeDeployRolenode-app",
            "assume_role_policy": "{\"Version\":\"2012-10-17\",\"Statement\":[{\"Sid\":\"\",\"Effect\":\"Allow\",\"Principal\":{\"Service\":\"codedeploy.amazonaws.com\"},\"Action\":\"sts:AssumeRole\"}]}",
            "create_date": "2021-12-30T23:50:07Z",
            "description": "CodeDeployRole for node-app in prod",
            "force_detach_policies": false,
            "id": "CodeDeployRolenode-app",
            "inline_policy": [
              {
                "name": "",
                "policy": ""
              }
            ],
            "managed_policy_arns": [
              "arn:aws:iam::aws:policy/AWSCodeDeployRoleForECS"
            ],
            "max_session_duration": 3600,
            "name": "CodeDeployRolenode-app",
            "name_prefix": "",
            "path": "/",
            "permissions_boundary": null,
            "tags": {},
            "tags_all": {},
            "unique_id": "AROA6OCKUDWLWGH3MN4DO"
          },
          "sensitive_attributes": [],
          "private": "bnVsbA==",
          "dependencies": [
            "data.aws_iam_policy_document.codedeploy_assume_role"
          ],
          "create_before_destroy": true
        }
      ]
    },
    {
      "mode": "managed",
      "type": "aws_iam_role_policy_attachment",
      "name": "codedeploy_policy_attachment",
      "provider": "provider[\"registry.terraform.io/hashicorp/aws\"]",
      "instances": [
        {
          "schema_version": 0,
          "attributes": {
            "id": "CodeDeployRolenode-app-20211230235012317800000001",
            "policy_arn": "arn:aws:iam::aws:policy/AWSCodeDeployRoleForECS",
            "role": "CodeDeployRolenode-app"
          },
          "sensitive_attributes": [],
          "private": "bnVsbA==",
          "dependencies": [
            "aws_iam_role.codedeploy_role",
            "data.aws_iam_policy_document.codedeploy_assume_role"
          ]
        }
      ]
    },
    {
      "mode": "managed",
      "type": "aws_security_group",
      "name": "alb_ecs_sg",
      "provider": "provider[\"registry.terraform.io/hashicorp/aws\"]",
      "instances": [
        {
          "schema_version": 1,
          "attributes": {
            "arn": "arn:aws:ec2:us-east-1:992293952919:security-group/sg-019104559b4e336a4",
            "description": "Managed by Terraform",
            "egress": [
              {
                "cidr_blocks": [
                  "10.0.11.0/24",
                  "10.0.22.0/24"
                ],
                "description": "",
                "from_port": 3000,
                "ipv6_cidr_blocks": [],
                "prefix_list_ids": [],
                "protocol": "tcp",
                "security_groups": [],
                "self": false,
                "to_port": 3000
              }
            ],
            "id": "sg-019104559b4e336a4",
            "ingress": [
              {
                "cidr_blocks": [
                  "0.0.0.0/0"
                ],
                "description": "",
                "from_port": 80,
                "ipv6_cidr_blocks": [],
                "prefix_list_ids": [],
                "protocol": "tcp",
                "security_groups": [],
                "self": false,
                "to_port": 80
              }
            ],
            "name": "terraform-20211230235015524300000002",
            "name_prefix": "terraform-",
            "owner_id": "992293952919",
            "revoke_rules_on_delete": false,
            "tags": {},
            "tags_all": {},
            "timeouts": null,
            "vpc_id": "vpc-0d78b0645766eb87b"
          },
          "sensitive_attributes": [],
          "private": "eyJlMmJmYjczMC1lY2FhLTExZTYtOGY4OC0zNDM2M2JjN2M0YzAiOnsiY3JlYXRlIjo2MDAwMDAwMDAwMDAsImRlbGV0ZSI6NjAwMDAwMDAwMDAwfSwic2NoZW1hX3ZlcnNpb24iOiIxIn0=",
          "dependencies": [
            "module.networking.aws_subnet.private_subnets",
            "module.networking.aws_vpc.main"
          ]
        }
      ]
    },
    {
      "mode": "managed",
      "type": "aws_security_group",
      "name": "ecs_sg",
      "provider": "provider[\"registry.terraform.io/hashicorp/aws\"]",
      "instances": [
        {
          "schema_version": 1,
          "attributes": {
            "arn": "arn:aws:ec2:us-east-1:992293952919:security-group/sg-03265af8d82bd3723",
            "description": "Managed by Terraform",
            "egress": [
              {
                "cidr_blocks": [
                  "0.0.0.0/0"
                ],
                "description": "",
                "from_port": 0,
                "ipv6_cidr_blocks": [],
                "prefix_list_ids": [],
                "protocol": "-1",
                "security_groups": [],
                "self": false,
                "to_port": 0
              }
            ],
            "id": "sg-03265af8d82bd3723",
            "ingress": [
              {
                "cidr_blocks": [],
                "description": "",
                "from_port": 3000,
                "ipv6_cidr_blocks": [],
                "prefix_list_ids": [],
                "protocol": "tcp",
                "security_groups": [
                  "sg-019104559b4e336a4"
                ],
                "self": false,
                "to_port": 3000
              }
            ],
            "name": "terraform-20211230235027478500000003",
            "name_prefix": "terraform-",
            "owner_id": "992293952919",
            "revoke_rules_on_delete": false,
            "tags": {},
            "tags_all": {},
            "timeouts": null,
            "vpc_id": "vpc-0d78b0645766eb87b"
          },
          "sensitive_attributes": [],
          "private": "eyJlMmJmYjczMC1lY2FhLTExZTYtOGY4OC0zNDM2M2JjN2M0YzAiOnsiY3JlYXRlIjo2MDAwMDAwMDAwMDAsImRlbGV0ZSI6NjAwMDAwMDAwMDAwfSwic2NoZW1hX3ZlcnNpb24iOiIxIn0=",
          "dependencies": [
            "aws_security_group.alb_ecs_sg",
            "module.networking.aws_subnet.private_subnets",
            "module.networking.aws_vpc.main"
          ]
        }
      ]
    },
    {
      "mode": "managed",
      "type": "local_file",
      "name": "output_task_def",
      "provider": "provider[\"registry.terraform.io/hashicorp/local\"]",
      "instances": [
        {
          "schema_version": 0,
          "attributes": {
            "content": "{\n  \"family\": \"task-definition-node\",\n  \"networkMode\": \"awsvpc\",\n  \"requiresCompatibilities\": [\n    \"FARGATE\"\n  ],\n  \"cpu\": \"512\",\n  \"memory\": \"1024\",\n  \"executionRoleArn\": \"arn:aws:iam::992293952919:role/Policy-Ecs-Execution-Role\",\n  \"containerDefinitions\": [\n    {\n      \"name\": \"nextjs-image\",\n      \"image\": \"nginx:latest\",\n      \"memoryReservation\": 1024,\n      \"portMappings\": [\n        {\n          \"containerPort\": 3000,\n          \"hostPort\": 3000\n        }\n      ],\n      \"environment\": [\n        {\n          \"name\": \"PORT\",\n          \"value\": \"3000\"\n        }\n      ],\n      \"logConfiguration\": {\n        \"logDriver\": \"awslogs\",\n        \"options\": {\n          \"awslogs-group\": \"/aws/ecs/node-app-prod\",\n          \"awslogs-region\": \"us-east-1\",\n          \"awslogs-stream-prefix\": \"ecs\"\n        }\n      },\n      \"secrets\": []\n    }\n  ]\n}",
            "content_base64": null,
            "directory_permission": "0777",
            "file_permission": "644",
            "filename": "./task-definitions/service.latest.json",
            "id": "2140f7357644d26b23a276e3aba2f68cccf808b8",
            "sensitive_content": null,
            "source": null
          },
          "sensitive_attributes": [],
          "private": "bnVsbA==",
          "dependencies": [
            "module.ecs_roles.data.aws_iam_policy_document.ecs_task_assume_role",
            "data.template_file.task_def_generated",
            "module.ecs_roles.aws_iam_role.ecs_execution_role"
          ]
        }
      ]
    },
    {
      "module": "module.alb",
      "mode": "managed",
      "type": "aws_lb",
      "name": "alb",
      "provider": "provider[\"registry.terraform.io/hashicorp/aws\"]",
      "instances": [
        {
          "index_key": 0,
          "schema_version": 0,
          "attributes": {
            "access_logs": [
              {
                "bucket": "",
                "enabled": false,
                "prefix": ""
              }
            ],
            "arn": "arn:aws:elasticloadbalancing:us-east-1:992293952919:loadbalancer/app/web-dev-lb/cec9619e680814cb",
            "arn_suffix": "app/web-dev-lb/cec9619e680814cb",
            "customer_owned_ipv4_pool": "",
            "desync_mitigation_mode": "defensive",
            "dns_name": "web-dev-lb-1717045398.us-east-1.elb.amazonaws.com",
            "drop_invalid_header_fields": false,
            "enable_cross_zone_load_balancing": null,
            "enable_deletion_protection": false,
            "enable_http2": true,
            "enable_waf_fail_open": false,
            "id": "arn:aws:elasticloadbalancing:us-east-1:992293952919:loadbalancer/app/web-dev-lb/cec9619e680814cb",
            "idle_timeout": 60,
            "internal": false,
            "ip_address_type": "ipv4",
            "load_balancer_type": "application",
            "name": "web-dev-lb",
            "name_prefix": null,
            "security_groups": [
              "sg-019104559b4e336a4"
            ],
            "subnet_mapping": [
              {
                "allocation_id": "",
                "ipv6_address": "",
                "outpost_id": "",
                "private_ipv4_address": "",
                "subnet_id": "subnet-01dce5360997b1228"
              },
              {
                "allocation_id": "",
                "ipv6_address": "",
                "outpost_id": "",
                "private_ipv4_address": "",
                "subnet_id": "subnet-06149a0e188b1d97b"
              }
            ],
            "subnets": [
              "subnet-01dce5360997b1228",
              "subnet-06149a0e188b1d97b"
            ],
            "tags": {
              "Environment": "dev"
            },
            "tags_all": {
              "Environment": "dev"
            },
            "timeouts": null,
            "vpc_id": "vpc-0d78b0645766eb87b",
            "zone_id": "Z35SXDOTRQ7X7K"
          },
          "sensitive_attributes": [],
          "private": "eyJlMmJmYjczMC1lY2FhLTExZTYtOGY4OC0zNDM2M2JjN2M0YzAiOnsiY3JlYXRlIjo2MDAwMDAwMDAwMDAsImRlbGV0ZSI6NjAwMDAwMDAwMDAwLCJ1cGRhdGUiOjYwMDAwMDAwMDAwMH19",
          "dependencies": [
            "aws_security_group.alb_ecs_sg",
            "module.networking.aws_subnet.private_subnets",
            "module.networking.aws_subnet.public_subnets",
            "module.networking.aws_vpc.main"
          ]
        }
      ]
    },
    {
      "module": "module.alb",
      "mode": "managed",
      "type": "aws_lb_listener",
      "name": "http",
      "provider": "provider[\"registry.terraform.io/hashicorp/aws\"]",
      "instances": [
        {
          "index_key": 0,
          "schema_version": 0,
          "attributes": {
            "alpn_policy": null,
            "arn": "arn:aws:elasticloadbalancing:us-east-1:992293952919:listener/app/web-dev-lb/cec9619e680814cb/3f931f0e2c02ce82",
            "certificate_arn": null,
            "default_action": [
              {
                "authenticate_cognito": [],
                "authenticate_oidc": [],
                "fixed_response": [],
                "forward": [],
                "order": 1,
                "redirect": [],
                "target_group_arn": "arn:aws:elasticloadbalancing:us-east-1:992293952919:targetgroup/node-app-blue-dev-lb-tg/fca8f85519407fd4",
                "type": "forward"
              }
            ],
            "id": "arn:aws:elasticloadbalancing:us-east-1:992293952919:listener/app/web-dev-lb/cec9619e680814cb/3f931f0e2c02ce82",
            "load_balancer_arn": "arn:aws:elasticloadbalancing:us-east-1:992293952919:loadbalancer/app/web-dev-lb/cec9619e680814cb",
            "port": 80,
            "protocol": "HTTP",
            "ssl_policy": "",
            "tags": {},
            "tags_all": {},
            "timeouts": null
          },
          "sensitive_attributes": [],
          "private": "eyJlMmJmYjczMC1lY2FhLTExZTYtOGY4OC0zNDM2M2JjN2M0YzAiOnsicmVhZCI6NjAwMDAwMDAwMDAwfX0=",
          "dependencies": [
            "module.alb.aws_lb.alb",
            "module.ecs_tg_blue.aws_lb_target_group.alb_tg"
          ]
        }
      ]
    },
    {
      "module": "module.application_error_alarm",
      "mode": "managed",
      "type": "aws_cloudwatch_log_metric_filter",
      "name": "this",
      "provider": "provider[\"registry.terraform.io/hashicorp/aws\"]",
      "instances": [
        {
          "schema_version": 0,
          "attributes": {
            "id": "ApplicationErrorCountFilter",
            "log_group_name": "/aws/ecs/node-app-prod",
            "metric_transformation": [
              {
                "default_value": "0",
                "dimensions": {},
                "name": "ApplicationErrorCount",
                "namespace": "ECS/node-app-prod",
                "unit": "None",
                "value": "1"
              }
            ],
            "name": "ApplicationErrorCountFilter",
            "pattern": "Error"
          },
          "sensitive_attributes": [],
          "private": "bnVsbA==",
          "dependencies": [
            "aws_cloudwatch_log_group.ecs"
          ]
        }
      ]
    },
    {
      "module": "module.application_error_alarm",
      "mode": "managed",
      "type": "aws_cloudwatch_metric_alarm",
      "name": "error_log_alarm",
      "provider": "provider[\"registry.terraform.io/hashicorp/aws\"]",
      "instances": [
        {
          "schema_version": 1,
          "attributes": {
            "actions_enabled": true,
            "alarm_actions": [],
            "alarm_description": "Application error rate has exceeded 10%",
            "alarm_name": "node-app-prod-application-error-rate",
            "arn": "arn:aws:cloudwatch:us-east-1:992293952919:alarm:node-app-prod-application-error-rate",
            "comparison_operator": "GreaterThanOrEqualToThreshold",
            "datapoints_to_alarm": 0,
            "dimensions": {},
            "evaluate_low_sample_count_percentiles": "",
            "evaluation_periods": 2,
            "extended_statistic": "",
            "id": "node-app-prod-application-error-rate",
            "insufficient_data_actions": [],
            "metric_name": "",
            "metric_query": [
              {
                "account_id": "",
                "expression": "",
                "id": "m1",
                "label": "",
                "metric": [
                  {
                    "dimensions": {
                      "LoadBalancer": "app/web-dev-lb/cec9619e680814cb"
                    },
                    "metric_name": "RequestCount",
                    "namespace": "AWS/ApplicationELB",
                    "period": 120,
                    "stat": "Sum",
                    "unit": "Count"
                  }
                ],
                "return_data": false
              },
              {
                "account_id": "",
                "expression": "",
                "id": "m2",
                "label": "",
                "metric": [
                  {
                    "dimensions": {},
                    "metric_name": "ApplicationErrorCount",
                    "namespace": "ECS/node-app-prod",
                    "period": 120,
                    "stat": "Sum",
                    "unit": ""
                  }
                ],
                "return_data": false
              },
              {
                "account_id": "",
                "expression": "m2/m1*100",
                "id": "e1",
                "label": "Application Error Rate (\u003e= 10)",
                "metric": [],
                "return_data": true
              }
            ],
            "namespace": "",
            "ok_actions": [],
            "period": 0,
            "statistic": "",
            "tags": {},
            "tags_all": {},
            "threshold": 10,
            "threshold_metric_id": "",
            "treat_missing_data": "missing",
            "unit": ""
          },
          "sensitive_attributes": [],
          "private": "eyJzY2hlbWFfdmVyc2lvbiI6IjEifQ==",
          "dependencies": [
            "module.networking.aws_subnet.private_subnets",
            "module.networking.aws_subnet.public_subnets",
            "module.networking.aws_vpc.main",
            "aws_security_group.alb_ecs_sg",
            "module.alb.aws_lb.alb"
          ]
        }
      ]
    },
    {
      "module": "module.ecr_ecs_ci_user",
      "mode": "data",
      "type": "aws_iam_policy_document",
      "name": "ci_server_access",
      "provider": "provider[\"registry.terraform.io/hashicorp/aws\"]",
      "instances": [
        {
          "schema_version": 0,
          "attributes": {
            "id": "1732749351",
            "json": "{\n  \"Version\": \"2012-10-17\",\n  \"Statement\": [\n    {\n      \"Sid\": \"\",\n      \"Effect\": \"Allow\",\n      \"Action\": [\n        \"ecr:UploadLayerPart\",\n        \"ecr:PutImage\",\n        \"ecr:ListTagsForResource\",\n        \"ecr:ListImages\",\n        \"ecr:InitiateLayerUpload\",\n        \"ecr:GetRepositoryPolicy\",\n        \"ecr:GetLifecyclePolicyPreview\",\n        \"ecr:GetLifecyclePolicy\",\n        \"ecr:GetDownloadUrlForLayer\",\n        \"ecr:DescribeRepositories\",\n        \"ecr:DescribeImages\",\n        \"ecr:DescribeImageScanFindings\",\n        \"ecr:CompleteLayerUpload\",\n        \"ecr:BatchGetImage\",\n        \"ecr:BatchCheckLayerAvailability\"\n      ],\n      \"Resource\": [\n        \"arn:aws:ecr:us-east-1:992293952919:repository/web/node-app/*\",\n        \"arn:aws:ecr:us-east-1:992293952919:repository/web/node-app\"\n      ]\n    },\n    {\n      \"Sid\": \"\",\n      \"Effect\": \"Allow\",\n      \"Action\": [\n        \"ecr:GetAuthorizationToken\",\n        \"ecr:CreateRepository\"\n      ],\n      \"Resource\": \"*\"\n    },\n    {\n      \"Sid\": \"\",\n      \"Effect\": \"Allow\",\n      \"Action\": [\n        \"ecs:UpdateService\",\n        \"ecs:RegisterTaskDefinition\",\n        \"ecs:DescribeServices\"\n      ],\n      \"Resource\": \"*\"\n    },\n    {\n      \"Sid\": \"\",\n      \"Effect\": \"Allow\",\n      \"Action\": \"iam:PassRole\",\n      \"Resource\": \"*\"\n    },\n    {\n      \"Sid\": \"\",\n      \"Effect\": \"Allow\",\n      \"Action\": [\n        \"codedeploy:RegisterApplicationRevision\",\n        \"codedeploy:GetDeploymentGroup\",\n        \"codedeploy:GetDeploymentConfig\",\n        \"codedeploy:GetDeployment\",\n        \"codedeploy:CreateDeployment\"\n      ],\n      \"Resource\": \"*\"\n    }\n  ]\n}",
            "override_json": null,
            "override_policy_documents": null,
            "policy_id": null,
            "source_json": null,
            "source_policy_documents": null,
            "statement": [
              {
                "actions": [
                  "ecr:BatchCheckLayerAvailability",
                  "ecr:BatchGetImage",
                  "ecr:CompleteLayerUpload",
                  "ecr:DescribeImageScanFindings",
                  "ecr:DescribeImages",
                  "ecr:DescribeRepositories",
                  "ecr:GetDownloadUrlForLayer",
                  "ecr:GetLifecyclePolicy",
                  "ecr:GetLifecyclePolicyPreview",
                  "ecr:GetRepositoryPolicy",
                  "ecr:InitiateLayerUpload",
                  "ecr:ListImages",
                  "ecr:ListTagsForResource",
                  "ecr:PutImage",
                  "ecr:UploadLayerPart"
                ],
                "condition": [],
                "effect": "Allow",
                "not_actions": [],
                "not_principals": [],
                "not_resources": [],
                "principals": [],
                "resources": [
                  "arn:aws:ecr:us-east-1:992293952919:repository/web/node-app",
                  "arn:aws:ecr:us-east-1:992293952919:repository/web/node-app/*"
                ],
                "sid": ""
              },
              {
                "actions": [
                  "ecr:CreateRepository",
                  "ecr:GetAuthorizationToken"
                ],
                "condition": [],
                "effect": "Allow",
                "not_actions": [],
                "not_principals": [],
                "not_resources": [],
                "principals": [],
                "resources": [
                  "*"
                ],
                "sid": ""
              },
              {
                "actions": [
                  "ecs:DescribeServices",
                  "ecs:RegisterTaskDefinition",
                  "ecs:UpdateService"
                ],
                "condition": [],
                "effect": "Allow",
                "not_actions": [],
                "not_principals": [],
                "not_resources": [],
                "principals": [],
                "resources": [
                  "*"
                ],
                "sid": ""
              },
              {
                "actions": [
                  "iam:PassRole"
                ],
                "condition": [],
                "effect": "Allow",
                "not_actions": [],
                "not_principals": [],
                "not_resources": [],
                "principals": [],
                "resources": [
                  "*"
                ],
                "sid": ""
              },
              {
                "actions": [
                  "codedeploy:CreateDeployment",
                  "codedeploy:GetDeployment",
                  "codedeploy:GetDeploymentConfig",
                  "codedeploy:GetDeploymentGroup",
                  "codedeploy:RegisterApplicationRevision"
                ],
                "condition": [],
                "effect": "Allow",
                "not_actions": [],
                "not_principals": [],
                "not_resources": [],
                "principals": [],
                "resources": [
                  "*"
                ],
                "sid": ""
              }
            ],
            "version": "2012-10-17"
          },
          "sensitive_attributes": []
        }
      ]
    },
    {
      "module": "module.ecr_ecs_ci_user",
      "mode": "managed",
      "type": "aws_iam_access_key",
      "name": "ci_key",
      "provider": "provider[\"registry.terraform.io/hashicorp/aws\"]",
      "instances": [
        {
          "index_key": 0,
          "schema_version": 0,
          "attributes": {
            "create_date": "2021-12-30T23:50:12Z",
            "encrypted_secret": null,
            "encrypted_ses_smtp_password_v4": null,
            "id": "AKIA6OCKUDWL2TYWEY4Z",
            "key_fingerprint": null,
            "pgp_key": null,
            "secret": "XHxefrr/GUAY+x2XhKIq6vFFNWDZDs6lsRV+xn6u",
            "ses_smtp_password_v4": "BP7mmu/hepkKeLnuo33i5yjCc5siumTRacMBUVXT54z9",
            "status": "Active",
            "user": "ci-node-app-prod-server-user"
          },
          "sensitive_attributes": [],
          "private": "bnVsbA==",
          "dependencies": [
            "module.ecr_ecs_ci_user.aws_iam_user.ci_user"
          ]
        }
      ]
    },
    {
      "module": "module.ecr_ecs_ci_user",
      "mode": "managed",
      "type": "aws_iam_user",
      "name": "ci_user",
      "provider": "provider[\"registry.terraform.io/hashicorp/aws\"]",
      "instances": [
        {
          "index_key": 0,
          "schema_version": 0,
          "attributes": {
            "arn": "arn:aws:iam::992293952919:user/ci-node-app-prod-server-user",
            "force_destroy": false,
            "id": "ci-node-app-prod-server-user",
            "name": "ci-node-app-prod-server-user",
            "path": "/",
            "permissions_boundary": null,
            "tags": {},
            "tags_all": {},
            "unique_id": "AIDA6OCKUDWLVZJSJDWD3"
          },
          "sensitive_attributes": [],
          "private": "bnVsbA=="
        }
      ]
    },
    {
      "module": "module.ecr_ecs_ci_user",
      "mode": "managed",
      "type": "aws_iam_user_policy",
      "name": "ci_user_policy",
      "provider": "provider[\"registry.terraform.io/hashicorp/aws\"]",
      "instances": [
        {
          "schema_version": 0,
          "attributes": {
            "id": "ci-node-app-prod-server-user:ci-node-app-prod-user-policy",
            "name": "ci-node-app-prod-user-policy",
            "name_prefix": null,
            "policy": "{\n  \"Version\": \"2012-10-17\",\n  \"Statement\": [\n    {\n      \"Sid\": \"\",\n      \"Effect\": \"Allow\",\n      \"Action\": [\n        \"ecr:UploadLayerPart\",\n        \"ecr:PutImage\",\n        \"ecr:ListTagsForResource\",\n        \"ecr:ListImages\",\n        \"ecr:InitiateLayerUpload\",\n        \"ecr:GetRepositoryPolicy\",\n        \"ecr:GetLifecyclePolicyPreview\",\n        \"ecr:GetLifecyclePolicy\",\n        \"ecr:GetDownloadUrlForLayer\",\n        \"ecr:DescribeRepositories\",\n        \"ecr:DescribeImages\",\n        \"ecr:DescribeImageScanFindings\",\n        \"ecr:CompleteLayerUpload\",\n        \"ecr:BatchGetImage\",\n        \"ecr:BatchCheckLayerAvailability\"\n      ],\n      \"Resource\": [\n        \"arn:aws:ecr:us-east-1:992293952919:repository/web/node-app/*\",\n        \"arn:aws:ecr:us-east-1:992293952919:repository/web/node-app\"\n      ]\n    },\n    {\n      \"Sid\": \"\",\n      \"Effect\": \"Allow\",\n      \"Action\": [\n        \"ecr:GetAuthorizationToken\",\n        \"ecr:CreateRepository\"\n      ],\n      \"Resource\": \"*\"\n    },\n    {\n      \"Sid\": \"\",\n      \"Effect\": \"Allow\",\n      \"Action\": [\n        \"ecs:UpdateService\",\n        \"ecs:RegisterTaskDefinition\",\n        \"ecs:DescribeServices\"\n      ],\n      \"Resource\": \"*\"\n    },\n    {\n      \"Sid\": \"\",\n      \"Effect\": \"Allow\",\n      \"Action\": \"iam:PassRole\",\n      \"Resource\": \"*\"\n    },\n    {\n      \"Sid\": \"\",\n      \"Effect\": \"Allow\",\n      \"Action\": [\n        \"codedeploy:RegisterApplicationRevision\",\n        \"codedeploy:GetDeploymentGroup\",\n        \"codedeploy:GetDeploymentConfig\",\n        \"codedeploy:GetDeployment\",\n        \"codedeploy:CreateDeployment\"\n      ],\n      \"Resource\": \"*\"\n    }\n  ]\n}",
            "user": "ci-node-app-prod-server-user"
          },
          "sensitive_attributes": [],
          "private": "bnVsbA==",
          "dependencies": [
            "data.aws_caller_identity.current",
            "module.ecr_ecs_ci_user.aws_iam_user.ci_user",
            "module.ecr_ecs_ci_user.data.aws_iam_policy_document.ci_server_access"
          ]
        }
      ]
    },
    {
      "module": "module.ecs_roles",
      "mode": "data",
      "type": "aws_iam_policy_document",
      "name": "ecs_execution",
      "provider": "provider[\"registry.terraform.io/hashicorp/aws\"]",
      "instances": [
        {
          "schema_version": 0,
          "attributes": {
            "id": "1420726984",
            "json": "{\n  \"Version\": \"2012-10-17\",\n  \"Statement\": [\n    {\n      \"Sid\": \"\",\n      \"Effect\": \"Allow\",\n      \"Action\": [\n        \"logs:PutLogEvents\",\n        \"logs:CreateLogStream\",\n        \"ecr:GetDownloadUrlForLayer\",\n        \"ecr:GetAuthorizationToken\",\n        \"ecr:BatchGetImage\",\n        \"ecr:BatchCheckLayerAvailability\"\n      ],\n      \"Resource\": \"*\"\n    }\n  ]\n}",
            "override_json": null,
            "override_policy_documents": null,
            "policy_id": null,
            "source_json": null,
            "source_policy_documents": null,
            "statement": [
              {
                "actions": [
                  "ecr:BatchCheckLayerAvailability",
                  "ecr:BatchGetImage",
                  "ecr:GetAuthorizationToken",
                  "ecr:GetDownloadUrlForLayer",
                  "logs:CreateLogStream",
                  "logs:PutLogEvents"
                ],
                "condition": [],
                "effect": "Allow",
                "not_actions": [],
                "not_principals": [],
                "not_resources": [],
                "principals": [],
                "resources": [
                  "*"
                ],
                "sid": ""
              }
            ],
            "version": "2012-10-17"
          },
          "sensitive_attributes": []
        }
      ]
    },
    {
      "module": "module.ecs_roles",
      "mode": "data",
      "type": "aws_iam_policy_document",
      "name": "ecs_task_assume_role",
      "provider": "provider[\"registry.terraform.io/hashicorp/aws\"]",
      "instances": [
        {
          "schema_version": 0,
          "attributes": {
            "id": "320642683",
            "json": "{\n  \"Version\": \"2012-10-17\",\n  \"Statement\": [\n    {\n      \"Sid\": \"\",\n      \"Effect\": \"Allow\",\n      \"Action\": \"sts:AssumeRole\",\n      \"Principal\": {\n        \"Service\": \"ecs-tasks.amazonaws.com\"\n      }\n    }\n  ]\n}",
            "override_json": null,
            "override_policy_documents": null,
            "policy_id": null,
            "source_json": null,
            "source_policy_documents": null,
            "statement": [
              {
                "actions": [
                  "sts:AssumeRole"
                ],
                "condition": [],
                "effect": "Allow",
                "not_actions": [],
                "not_principals": [],
                "not_resources": [],
                "principals": [
                  {
                    "identifiers": [
                      "ecs-tasks.amazonaws.com"
                    ],
                    "type": "Service"
                  }
                ],
                "resources": [],
                "sid": ""
              }
            ],
            "version": "2012-10-17"
          },
          "sensitive_attributes": []
        }
      ]
    },
    {
      "module": "module.ecs_roles",
      "mode": "managed",
      "type": "aws_iam_policy",
      "name": "ecs_execution",
      "provider": "provider[\"registry.terraform.io/hashicorp/aws\"]",
      "instances": [
        {
          "index_key": 0,
          "schema_version": 0,
          "attributes": {
            "arn": "arn:aws:iam::992293952919:policy/ecs-execution-role-policy",
            "description": "Custom Policy for ECS Execution",
            "id": "arn:aws:iam::992293952919:policy/ecs-execution-role-policy",
            "name": "ecs-execution-role-policy",
            "name_prefix": null,
            "path": "/",
            "policy": "{\"Statement\":[{\"Action\":[\"logs:PutLogEvents\",\"logs:CreateLogStream\",\"ecr:GetDownloadUrlForLayer\",\"ecr:GetAuthorizationToken\",\"ecr:BatchGetImage\",\"ecr:BatchCheckLayerAvailability\"],\"Effect\":\"Allow\",\"Resource\":\"*\",\"Sid\":\"\"}],\"Version\":\"2012-10-17\"}",
            "policy_id": "ANPA6OCKUDWLRQVGPWKZP",
            "tags": {},
            "tags_all": {}
          },
          "sensitive_attributes": [],
          "private": "bnVsbA==",
          "dependencies": [
            "module.ecs_roles.data.aws_iam_policy_document.ecs_execution"
          ]
        }
      ]
    },
    {
      "module": "module.ecs_roles",
      "mode": "managed",
      "type": "aws_iam_policy_attachment",
      "name": "attachment",
      "provider": "provider[\"registry.terraform.io/hashicorp/aws\"]",
      "instances": [
        {
          "index_key": 0,
          "schema_version": 0,
          "attributes": {
            "groups": [],
            "id": "Policy-ECS-Execution-Role-Policy",
            "name": "Policy-ECS-Execution-Role-Policy",
            "policy_arn": "arn:aws:iam::992293952919:policy/ecs-execution-role-policy",
            "roles": [
              "Policy-Ecs-Execution-Role"
            ],
            "users": []
          },
          "sensitive_attributes": [],
          "private": "bnVsbA==",
          "dependencies": [
            "module.ecs_roles.aws_iam_policy.ecs_execution",
            "module.ecs_roles.aws_iam_role.ecs_execution_role",
            "module.ecs_roles.data.aws_iam_policy_document.ecs_execution",
            "module.ecs_roles.data.aws_iam_policy_document.ecs_task_assume_role"
          ]
        }
      ]
    },
    {
      "module": "module.ecs_roles",
      "mode": "managed",
      "type": "aws_iam_role",
      "name": "ecs_execution_role",
      "provider": "provider[\"registry.terraform.io/hashicorp/aws\"]",
      "instances": [
        {
          "index_key": 0,
          "schema_version": 0,
          "attributes": {
            "arn": "arn:aws:iam::992293952919:role/Policy-Ecs-Execution-Role",
            "assume_role_policy": "{\"Version\":\"2012-10-17\",\"Statement\":[{\"Sid\":\"\",\"Effect\":\"Allow\",\"Principal\":{\"Service\":\"ecs-tasks.amazonaws.com\"},\"Action\":\"sts:AssumeRole\"}]}",
            "create_date": "2021-12-30T23:50:07Z",
            "description": "IAM Role with permissions for ECS Execution of tasks",
            "force_detach_policies": false,
            "id": "Policy-Ecs-Execution-Role",
            "inline_policy": [
              {
                "name": "",
                "policy": ""
              }
            ],
            "managed_policy_arns": [
              "arn:aws:iam::992293952919:policy/ecs-execution-role-policy"
            ],
            "max_session_duration": 3600,
            "name": "Policy-Ecs-Execution-Role",
            "name_prefix": "",
            "path": "/",
            "permissions_boundary": null,
            "tags": {},
            "tags_all": {},
            "unique_id": "AROA6OCKUDWL4A525M5R3"
          },
          "sensitive_attributes": [],
          "private": "bnVsbA==",
          "dependencies": [
            "module.ecs_roles.data.aws_iam_policy_document.ecs_task_assume_role"
          ]
        }
      ]
    },
    {
      "module": "module.ecs_roles",
      "mode": "managed",
      "type": "aws_iam_role",
      "name": "ecs_task_role",
      "provider": "provider[\"registry.terraform.io/hashicorp/aws\"]",
      "instances": [
        {
          "index_key": 0,
          "schema_version": 0,
          "attributes": {
            "arn": "arn:aws:iam::992293952919:role/Policy-Ecs-Task-Role",
            "assume_role_policy": "{\"Version\":\"2012-10-17\",\"Statement\":[{\"Sid\":\"\",\"Effect\":\"Allow\",\"Principal\":{\"Service\":\"ecs-tasks.amazonaws.com\"},\"Action\":\"sts:AssumeRole\"}]}",
            "create_date": "2021-12-30T23:50:07Z",
            "description": "IAM Role with permissions for ECS tasks",
            "force_detach_policies": false,
            "id": "Policy-Ecs-Task-Role",
            "inline_policy": [
              {
                "name": "",
                "policy": ""
              }
            ],
            "managed_policy_arns": [],
            "max_session_duration": 3600,
            "name": "Policy-Ecs-Task-Role",
            "name_prefix": "",
            "path": "/",
            "permissions_boundary": null,
            "tags": {},
            "tags_all": {},
            "unique_id": "AROA6OCKUDWL6GGOVPSJ6"
          },
          "sensitive_attributes": [],
          "private": "bnVsbA==",
          "dependencies": [
            "module.ecs_roles.data.aws_iam_policy_document.ecs_task_assume_role"
          ]
        }
      ]
    },
    {
      "module": "module.ecs_tg",
      "mode": "managed",
      "type": "aws_lb_target_group",
      "name": "alb_tg",
      "provider": "provider[\"registry.terraform.io/hashicorp/aws\"]",
      "instances": [
        {
          "index_key": 0,
          "schema_version": 0,
          "attributes": {
            "arn": "arn:aws:elasticloadbalancing:us-east-1:992293952919:targetgroup/web-dev-lb-tg/9b5d92fa02a279ca",
            "arn_suffix": "targetgroup/web-dev-lb-tg/9b5d92fa02a279ca",
            "connection_termination": null,
            "deregistration_delay": "300",
            "health_check": [
              {
                "enabled": true,
                "healthy_threshold": 5,
                "interval": 30,
                "matcher": "200",
                "path": "/",
                "port": "traffic-port",
                "protocol": "HTTP",
                "timeout": 5,
                "unhealthy_threshold": 2
              }
            ],
            "id": "arn:aws:elasticloadbalancing:us-east-1:992293952919:targetgroup/web-dev-lb-tg/9b5d92fa02a279ca",
            "lambda_multi_value_headers_enabled": false,
            "load_balancing_algorithm_type": "round_robin",
            "name": "web-dev-lb-tg",
            "name_prefix": null,
            "port": 3000,
            "preserve_client_ip": null,
            "protocol": "HTTP",
            "protocol_version": "HTTP1",
            "proxy_protocol_v2": false,
            "slow_start": 0,
            "stickiness": [
              {
                "cookie_duration": 86400,
                "cookie_name": "",
                "enabled": false,
                "type": "lb_cookie"
              }
            ],
            "tags": {},
            "tags_all": {},
            "target_type": "ip",
            "vpc_id": "vpc-0d78b0645766eb87b"
          },
          "sensitive_attributes": [],
          "private": "bnVsbA==",
          "dependencies": [
            "module.networking.aws_vpc.main"
          ]
        }
      ]
    },
    {
      "module": "module.ecs_tg_blue",
      "mode": "managed",
      "type": "aws_lb_target_group",
      "name": "alb_tg",
      "provider": "provider[\"registry.terraform.io/hashicorp/aws\"]",
      "instances": [
        {
          "index_key": 0,
          "schema_version": 0,
          "attributes": {
            "arn": "arn:aws:elasticloadbalancing:us-east-1:992293952919:targetgroup/node-app-blue-dev-lb-tg/fca8f85519407fd4",
            "arn_suffix": "targetgroup/node-app-blue-dev-lb-tg/fca8f85519407fd4",
            "connection_termination": null,
            "deregistration_delay": "300",
            "health_check": [
              {
                "enabled": true,
                "healthy_threshold": 5,
                "interval": 30,
                "matcher": "200",
                "path": "/",
                "port": "traffic-port",
                "protocol": "HTTP",
                "timeout": 5,
                "unhealthy_threshold": 2
              }
            ],
            "id": "arn:aws:elasticloadbalancing:us-east-1:992293952919:targetgroup/node-app-blue-dev-lb-tg/fca8f85519407fd4",
            "lambda_multi_value_headers_enabled": false,
            "load_balancing_algorithm_type": "round_robin",
            "name": "node-app-blue-dev-lb-tg",
            "name_prefix": null,
            "port": 3000,
            "preserve_client_ip": null,
            "protocol": "HTTP",
            "protocol_version": "HTTP1",
            "proxy_protocol_v2": false,
            "slow_start": 0,
            "stickiness": [
              {
                "cookie_duration": 86400,
                "cookie_name": "",
                "enabled": false,
                "type": "lb_cookie"
              }
            ],
            "tags": {},
            "tags_all": {},
            "target_type": "ip",
            "vpc_id": "vpc-0d78b0645766eb87b"
          },
          "sensitive_attributes": [],
          "private": "bnVsbA==",
          "dependencies": [
            "module.networking.aws_vpc.main"
          ]
        }
      ]
    },
    {
      "module": "module.ecs_tg_green",
      "mode": "managed",
      "type": "aws_lb_target_group",
      "name": "alb_tg",
      "provider": "provider[\"registry.terraform.io/hashicorp/aws\"]",
      "instances": [
        {
          "index_key": 0,
          "schema_version": 0,
          "attributes": {
            "arn": "arn:aws:elasticloadbalancing:us-east-1:992293952919:targetgroup/node-app-green-dev-lb-tg/de2a82bfc7f19f57",
            "arn_suffix": "targetgroup/node-app-green-dev-lb-tg/de2a82bfc7f19f57",
            "connection_termination": null,
            "deregistration_delay": "300",
            "health_check": [
              {
                "enabled": true,
                "healthy_threshold": 5,
                "interval": 30,
                "matcher": "200",
                "path": "/",
                "port": "traffic-port",
                "protocol": "HTTP",
                "timeout": 5,
                "unhealthy_threshold": 2
              }
            ],
            "id": "arn:aws:elasticloadbalancing:us-east-1:992293952919:targetgroup/node-app-green-dev-lb-tg/de2a82bfc7f19f57",
            "lambda_multi_value_headers_enabled": false,
            "load_balancing_algorithm_type": "round_robin",
            "name": "node-app-green-dev-lb-tg",
            "name_prefix": null,
            "port": 3000,
            "preserve_client_ip": null,
            "protocol": "HTTP",
            "protocol_version": "HTTP1",
            "proxy_protocol_v2": false,
            "slow_start": 0,
            "stickiness": [
              {
                "cookie_duration": 86400,
                "cookie_name": "",
                "enabled": false,
                "type": "lb_cookie"
              }
            ],
            "tags": {},
            "tags_all": {},
            "target_type": "ip",
            "vpc_id": "vpc-0d78b0645766eb87b"
          },
          "sensitive_attributes": [],
          "private": "bnVsbA==",
          "dependencies": [
            "module.networking.aws_vpc.main"
          ]
        }
      ]
    },
    {
      "module": "module.http_error_alarm",
      "mode": "managed",
      "type": "aws_cloudwatch_metric_alarm",
      "name": "this",
      "provider": "provider[\"registry.terraform.io/hashicorp/aws\"]",
      "instances": [
        {
          "schema_version": 1,
          "attributes": {
            "actions_enabled": true,
            "alarm_actions": [],
            "alarm_description": "Request error rate has exceeded 10%",
            "alarm_name": "node-app-http-target-error-rate",
            "arn": "arn:aws:cloudwatch:us-east-1:992293952919:alarm:node-app-http-target-error-rate",
            "comparison_operator": "GreaterThanOrEqualToThreshold",
            "datapoints_to_alarm": 0,
            "dimensions": {},
            "evaluate_low_sample_count_percentiles": "",
            "evaluation_periods": 2,
            "extended_statistic": "",
            "id": "node-app-http-target-error-rate",
            "insufficient_data_actions": [],
            "metric_name": "",
            "metric_query": [
              {
                "account_id": "",
                "expression": "",
                "id": "m1",
                "label": "",
                "metric": [
                  {
                    "dimensions": {
                      "LoadBalancer": "app/web-dev-lb/cec9619e680814cb"
                    },
                    "metric_name": "RequestCount",
                    "namespace": "AWS/ApplicationELB",
                    "period": 120,
                    "stat": "Sum",
                    "unit": "Count"
                  }
                ],
                "return_data": false
              },
              {
                "account_id": "",
                "expression": "",
                "id": "m2",
                "label": "",
                "metric": [
                  {
                    "dimensions": {
                      "LoadBalancer": "app/web-dev-lb/cec9619e680814cb"
                    },
                    "metric_name": "HTTPCode_Target_5XX_Count",
                    "namespace": "AWS/ApplicationELB",
                    "period": 120,
                    "stat": "Sum",
                    "unit": "Count"
                  }
                ],
                "return_data": false
              },
              {
                "account_id": "",
                "expression": "m2/m1*100",
                "id": "e1",
                "label": "Error Rate",
                "metric": [],
                "return_data": true
              }
            ],
            "namespace": "",
            "ok_actions": [],
            "period": 0,
            "statistic": "",
            "tags": {},
            "tags_all": {},
            "threshold": 10,
            "threshold_metric_id": "",
            "treat_missing_data": "missing",
            "unit": ""
          },
          "sensitive_attributes": [],
          "private": "eyJzY2hlbWFfdmVyc2lvbiI6IjEifQ==",
          "dependencies": [
            "aws_security_group.alb_ecs_sg",
            "module.alb.aws_lb.alb",
            "module.networking.aws_subnet.private_subnets",
            "module.networking.aws_subnet.public_subnets",
            "module.networking.aws_vpc.main"
          ]
        }
      ]
    },
    {
      "module": "module.networking",
      "mode": "managed",
      "type": "aws_eip",
      "name": "nat_eip",
      "provider": "provider[\"registry.terraform.io/hashicorp/aws\"]",
      "instances": [
        {
          "index_key": 0,
          "schema_version": 0,
          "attributes": {
            "address": null,
            "allocation_id": "eipalloc-06d1532f790812fdb",
            "associate_with_private_ip": null,
            "association_id": "eipassoc-0372f6c6dfdd44d09",
            "carrier_ip": "",
            "customer_owned_ip": "",
            "customer_owned_ipv4_pool": "",
            "domain": "vpc",
            "id": "eipalloc-06d1532f790812fdb",
            "instance": "",
            "network_border_group": "us-east-1",
            "network_interface": "eni-0c69fdf1b932e0731",
            "private_dns": "ip-10-0-1-68.ec2.internal",
            "private_ip": "10.0.1.68",
            "public_dns": "ec2-54-85-44-158.compute-1.amazonaws.com",
            "public_ip": "54.85.44.158",
            "public_ipv4_pool": "amazon",
            "tags": {},
            "tags_all": {},
            "timeouts": null,
            "vpc": true
          },
          "sensitive_attributes": [],
          "private": "eyJlMmJmYjczMC1lY2FhLTExZTYtOGY4OC0zNDM2M2JjN2M0YzAiOnsiZGVsZXRlIjoxODAwMDAwMDAwMDAsInJlYWQiOjkwMDAwMDAwMDAwMCwidXBkYXRlIjozMDAwMDAwMDAwMDB9fQ=="
        }
      ]
    },
    {
      "module": "module.networking",
      "mode": "managed",
      "type": "aws_internet_gateway",
      "name": "main",
      "provider": "provider[\"registry.terraform.io/hashicorp/aws\"]",
      "instances": [
        {
          "schema_version": 0,
          "attributes": {
            "arn": "arn:aws:ec2:us-east-1:992293952919:internet-gateway/igw-06841a50edd6b8561",
            "id": "igw-06841a50edd6b8561",
            "owner_id": "992293952919",
            "tags": {
              "Name": "igw-public"
            },
            "tags_all": {
              "Name": "igw-public"
            },
            "vpc_id": "vpc-0d78b0645766eb87b"
          },
          "sensitive_attributes": [],
          "private": "bnVsbA==",
          "dependencies": [
            "module.networking.aws_vpc.main"
          ]
        }
      ]
    },
    {
      "module": "module.networking",
      "mode": "managed",
      "type": "aws_nat_gateway",
      "name": "nat_public",
      "provider": "provider[\"registry.terraform.io/hashicorp/aws\"]",
      "instances": [
        {
          "index_key": 0,
          "schema_version": 0,
          "attributes": {
            "allocation_id": "eipalloc-06d1532f790812fdb",
            "connectivity_type": "public",
            "id": "nat-08551f9f73d3f4c6d",
            "network_interface_id": "eni-0c69fdf1b932e0731",
            "private_ip": "10.0.1.68",
            "public_ip": "54.85.44.158",
            "subnet_id": "subnet-06149a0e188b1d97b",
            "tags": {
              "Name": "nat-gateway-us-east-1a"
            },
            "tags_all": {
              "Name": "nat-gateway-us-east-1a"
            }
          },
          "sensitive_attributes": [],
          "private": "bnVsbA==",
          "dependencies": [
            "module.networking.aws_eip.nat_eip",
            "module.networking.aws_internet_gateway.main",
            "module.networking.aws_subnet.public_subnets",
            "module.networking.aws_vpc.main"
          ]
        }
      ]
    },
    {
      "module": "module.networking",
      "mode": "managed",
      "type": "aws_network_acl",
      "name": "nacl_private",
      "provider": "provider[\"registry.terraform.io/hashicorp/aws\"]",
      "instances": [
        {
          "schema_version": 0,
          "attributes": {
            "arn": "arn:aws:ec2:us-east-1:992293952919:network-acl/acl-018464a6f0a871f0d",
            "egress": [
              {
                "action": "allow",
                "cidr_block": "0.0.0.0/0",
                "from_port": 1024,
                "icmp_code": 0,
                "icmp_type": 0,
                "ipv6_cidr_block": "",
                "protocol": "6",
                "rule_no": 400,
                "to_port": 65535
              },
              {
                "action": "allow",
                "cidr_block": "0.0.0.0/0",
                "from_port": 22,
                "icmp_code": 0,
                "icmp_type": 0,
                "ipv6_cidr_block": "",
                "protocol": "6",
                "rule_no": 100,
                "to_port": 22
              },
              {
                "action": "allow",
                "cidr_block": "0.0.0.0/0",
                "from_port": 443,
                "icmp_code": 0,
                "icmp_type": 0,
                "ipv6_cidr_block": "",
                "protocol": "6",
                "rule_no": 300,
                "to_port": 443
              },
              {
                "action": "allow",
                "cidr_block": "0.0.0.0/0",
                "from_port": 80,
                "icmp_code": 0,
                "icmp_type": 0,
                "ipv6_cidr_block": "",
                "protocol": "6",
                "rule_no": 200,
                "to_port": 80
              }
            ],
            "id": "acl-018464a6f0a871f0d",
            "ingress": [
              {
                "action": "allow",
                "cidr_block": "0.0.0.0/0",
                "from_port": 1024,
                "icmp_code": 0,
                "icmp_type": 0,
                "ipv6_cidr_block": "",
                "protocol": "6",
                "rule_no": 400,
                "to_port": 65535
              },
              {
                "action": "allow",
                "cidr_block": "0.0.0.0/0",
                "from_port": 22,
                "icmp_code": 0,
                "icmp_type": 0,
                "ipv6_cidr_block": "",
                "protocol": "6",
                "rule_no": 100,
                "to_port": 22
              },
              {
                "action": "allow",
                "cidr_block": "0.0.0.0/0",
                "from_port": 443,
                "icmp_code": 0,
                "icmp_type": 0,
                "ipv6_cidr_block": "",
                "protocol": "6",
                "rule_no": 300,
                "to_port": 443
              },
              {
                "action": "allow",
                "cidr_block": "0.0.0.0/0",
                "from_port": 80,
                "icmp_code": 0,
                "icmp_type": 0,
                "ipv6_cidr_block": "",
                "protocol": "6",
                "rule_no": 200,
                "to_port": 80
              }
            ],
            "owner_id": "992293952919",
            "subnet_ids": [
              "subnet-0404a9129a61f437c",
              "subnet-09f33739b82107101"
            ],
            "tags": {
              "Name": "nacl-private"
            },
            "tags_all": {
              "Name": "nacl-private"
            },
            "vpc_id": "vpc-0d78b0645766eb87b"
          },
          "sensitive_attributes": [],
          "private": "bnVsbA==",
          "dependencies": [
            "module.networking.aws_subnet.private_subnets",
            "module.networking.aws_vpc.main"
          ]
        }
      ]
    },
    {
      "module": "module.networking",
      "mode": "managed",
      "type": "aws_network_acl",
      "name": "nacl_public",
      "provider": "provider[\"registry.terraform.io/hashicorp/aws\"]",
      "instances": [
        {
          "schema_version": 0,
          "attributes": {
            "arn": "arn:aws:ec2:us-east-1:992293952919:network-acl/acl-0de27eb3c2d816349",
            "egress": [
              {
                "action": "allow",
                "cidr_block": "0.0.0.0/0",
                "from_port": 0,
                "icmp_code": 0,
                "icmp_type": 0,
                "ipv6_cidr_block": "",
                "protocol": "-1",
                "rule_no": 100,
                "to_port": 0
              }
            ],
            "id": "acl-0de27eb3c2d816349",
            "ingress": [
              {
                "action": "allow",
                "cidr_block": "0.0.0.0/0",
                "from_port": 0,
                "icmp_code": 0,
                "icmp_type": 0,
                "ipv6_cidr_block": "",
                "protocol": "-1",
                "rule_no": 100,
                "to_port": 0
              }
            ],
            "owner_id": "992293952919",
            "subnet_ids": [
              "subnet-01dce5360997b1228",
              "subnet-06149a0e188b1d97b"
            ],
            "tags": {
              "Name": "nacl-public"
            },
            "tags_all": {
              "Name": "nacl-public"
            },
            "vpc_id": "vpc-0d78b0645766eb87b"
          },
          "sensitive_attributes": [],
          "private": "bnVsbA==",
          "dependencies": [
            "module.networking.aws_subnet.public_subnets",
            "module.networking.aws_vpc.main"
          ]
        }
      ]
    },
    {
      "module": "module.networking",
      "mode": "managed",
      "type": "aws_route_table",
      "name": "rt_private",
      "provider": "provider[\"registry.terraform.io/hashicorp/aws\"]",
      "instances": [
        {
          "index_key": 0,
          "schema_version": 0,
          "attributes": {
            "arn": "arn:aws:ec2:us-east-1:992293952919:route-table/rtb-0e0b5662cebe88530",
            "id": "rtb-0e0b5662cebe88530",
            "owner_id": "992293952919",
            "propagating_vgws": [],
            "route": [
              {
                "carrier_gateway_id": "",
                "cidr_block": "0.0.0.0/0",
                "destination_prefix_list_id": "",
                "egress_only_gateway_id": "",
                "gateway_id": "nat-08551f9f73d3f4c6d",
                "instance_id": "",
                "ipv6_cidr_block": "",
                "local_gateway_id": "",
                "nat_gateway_id": "",
                "network_interface_id": "",
                "transit_gateway_id": "",
                "vpc_endpoint_id": "",
                "vpc_peering_connection_id": ""
              }
            ],
            "tags": {
              "Name": "rt-private-us-east-1a"
            },
            "tags_all": {
              "Name": "rt-private-us-east-1a"
            },
            "timeouts": null,
            "vpc_id": "vpc-0d78b0645766eb87b"
          },
          "sensitive_attributes": [],
          "private": "eyJlMmJmYjczMC1lY2FhLTExZTYtOGY4OC0zNDM2M2JjN2M0YzAiOnsiY3JlYXRlIjozMDAwMDAwMDAwMDAsImRlbGV0ZSI6MzAwMDAwMDAwMDAwLCJ1cGRhdGUiOjEyMDAwMDAwMDAwMH19",
          "dependencies": [
            "module.networking.aws_nat_gateway.nat_public",
            "module.networking.aws_vpc.main"
          ]
        }
      ]
    },
    {
      "module": "module.networking",
      "mode": "managed",
      "type": "aws_route_table",
      "name": "rt_public",
      "provider": "provider[\"registry.terraform.io/hashicorp/aws\"]",
      "instances": [
        {
          "schema_version": 0,
          "attributes": {
            "arn": "arn:aws:ec2:us-east-1:992293952919:route-table/rtb-0a6f7aa8450433ea9",
            "id": "rtb-0a6f7aa8450433ea9",
            "owner_id": "992293952919",
            "propagating_vgws": [],
            "route": [
              {
                "carrier_gateway_id": "",
                "cidr_block": "",
                "destination_prefix_list_id": "",
                "egress_only_gateway_id": "",
                "gateway_id": "igw-06841a50edd6b8561",
                "instance_id": "",
                "ipv6_cidr_block": "::/0",
                "local_gateway_id": "",
                "nat_gateway_id": "",
                "network_interface_id": "",
                "transit_gateway_id": "",
                "vpc_endpoint_id": "",
                "vpc_peering_connection_id": ""
              },
              {
                "carrier_gateway_id": "",
                "cidr_block": "0.0.0.0/0",
                "destination_prefix_list_id": "",
                "egress_only_gateway_id": "",
                "gateway_id": "igw-06841a50edd6b8561",
                "instance_id": "",
                "ipv6_cidr_block": "",
                "local_gateway_id": "",
                "nat_gateway_id": "",
                "network_interface_id": "",
                "transit_gateway_id": "",
                "vpc_endpoint_id": "",
                "vpc_peering_connection_id": ""
              }
            ],
            "tags": {
              "Name": "rt-public"
            },
            "tags_all": {
              "Name": "rt-public"
            },
            "timeouts": null,
            "vpc_id": "vpc-0d78b0645766eb87b"
          },
          "sensitive_attributes": [],
          "private": "bnVsbA==",
          "dependencies": [
            "module.networking.aws_internet_gateway.main",
            "module.networking.aws_vpc.main"
          ]
        }
      ]
    },
    {
      "module": "module.networking",
      "mode": "managed",
      "type": "aws_route_table_association",
      "name": "private_rt_associations",
      "provider": "provider[\"registry.terraform.io/hashicorp/aws\"]",
      "instances": [
        {
          "index_key": 0,
          "schema_version": 0,
          "attributes": {
            "gateway_id": "",
            "id": "rtbassoc-09c89cfab3f5d41f2",
            "route_table_id": "rtb-0e0b5662cebe88530",
            "subnet_id": "subnet-09f33739b82107101"
          },
          "sensitive_attributes": [],
          "private": "bnVsbA==",
          "dependencies": [
            "module.networking.aws_route_table.rt_private",
            "module.networking.aws_subnet.private_subnets",
            "module.networking.aws_subnet.public_subnets",
            "module.networking.aws_vpc.main",
            "module.networking.aws_eip.nat_eip",
            "module.networking.aws_internet_gateway.main",
            "module.networking.aws_nat_gateway.nat_public"
          ]
        },
        {
          "index_key": 1,
          "schema_version": 0,
          "attributes": {
            "gateway_id": "",
            "id": "rtbassoc-0374788d95f6dd06c",
            "route_table_id": "rtb-0e0b5662cebe88530",
            "subnet_id": "subnet-0404a9129a61f437c"
          },
          "sensitive_attributes": [],
          "private": "bnVsbA==",
          "dependencies": [
            "module.networking.aws_vpc.main",
            "module.networking.aws_eip.nat_eip",
            "module.networking.aws_internet_gateway.main",
            "module.networking.aws_nat_gateway.nat_public",
            "module.networking.aws_route_table.rt_private",
            "module.networking.aws_subnet.private_subnets",
            "module.networking.aws_subnet.public_subnets"
          ]
        }
      ]
    },
    {
      "module": "module.networking",
      "mode": "managed",
      "type": "aws_route_table_association",
      "name": "public_rt_associations",
      "provider": "provider[\"registry.terraform.io/hashicorp/aws\"]",
      "instances": [
        {
          "index_key": 0,
          "schema_version": 0,
          "attributes": {
            "gateway_id": "",
            "id": "rtbassoc-01cfa6b86922c75fd",
            "route_table_id": "rtb-0a6f7aa8450433ea9",
            "subnet_id": "subnet-06149a0e188b1d97b"
          },
          "sensitive_attributes": [],
          "private": "bnVsbA==",
          "dependencies": [
            "module.networking.aws_route_table.rt_public",
            "module.networking.aws_subnet.public_subnets",
            "module.networking.aws_vpc.main",
            "module.networking.aws_internet_gateway.main"
          ]
        },
        {
          "index_key": 1,
          "schema_version": 0,
          "attributes": {
            "gateway_id": "",
            "id": "rtbassoc-0123cb308121f00f3",
            "route_table_id": "rtb-0a6f7aa8450433ea9",
            "subnet_id": "subnet-01dce5360997b1228"
          },
          "sensitive_attributes": [],
          "private": "bnVsbA==",
          "dependencies": [
            "module.networking.aws_route_table.rt_public",
            "module.networking.aws_subnet.public_subnets",
            "module.networking.aws_vpc.main",
            "module.networking.aws_internet_gateway.main"
          ]
        }
      ]
    },
    {
      "module": "module.networking",
      "mode": "managed",
      "type": "aws_subnet",
      "name": "private_subnets",
      "provider": "provider[\"registry.terraform.io/hashicorp/aws\"]",
      "instances": [
        {
          "index_key": 0,
          "schema_version": 1,
          "attributes": {
            "arn": "arn:aws:ec2:us-east-1:992293952919:subnet/subnet-09f33739b82107101",
            "assign_ipv6_address_on_creation": false,
            "availability_zone": "us-east-1a",
            "availability_zone_id": "use1-az2",
            "cidr_block": "10.0.11.0/24",
            "customer_owned_ipv4_pool": "",
            "id": "subnet-09f33739b82107101",
            "ipv6_cidr_block": "",
            "ipv6_cidr_block_association_id": "",
            "map_customer_owned_ip_on_launch": false,
            "map_public_ip_on_launch": false,
            "outpost_arn": "",
            "owner_id": "992293952919",
            "tags": {
              "Name": "subnet-private-us-east-1a"
            },
            "tags_all": {
              "Name": "subnet-private-us-east-1a"
            },
            "timeouts": null,
            "vpc_id": "vpc-0d78b0645766eb87b"
          },
          "sensitive_attributes": [],
          "private": "eyJlMmJmYjczMC1lY2FhLTExZTYtOGY4OC0zNDM2M2JjN2M0YzAiOnsiY3JlYXRlIjo2MDAwMDAwMDAwMDAsImRlbGV0ZSI6MTIwMDAwMDAwMDAwMH0sInNjaGVtYV92ZXJzaW9uIjoiMSJ9",
          "dependencies": [
            "module.networking.aws_vpc.main"
          ]
        },
        {
          "index_key": 1,
          "schema_version": 1,
          "attributes": {
            "arn": "arn:aws:ec2:us-east-1:992293952919:subnet/subnet-0404a9129a61f437c",
            "assign_ipv6_address_on_creation": false,
            "availability_zone": "us-east-1b",
            "availability_zone_id": "use1-az4",
            "cidr_block": "10.0.22.0/24",
            "customer_owned_ipv4_pool": "",
            "id": "subnet-0404a9129a61f437c",
            "ipv6_cidr_block": "",
            "ipv6_cidr_block_association_id": "",
            "map_customer_owned_ip_on_launch": false,
            "map_public_ip_on_launch": false,
            "outpost_arn": "",
            "owner_id": "992293952919",
            "tags": {
              "Name": "subnet-private-us-east-1b"
            },
            "tags_all": {
              "Name": "subnet-private-us-east-1b"
            },
            "timeouts": null,
            "vpc_id": "vpc-0d78b0645766eb87b"
          },
          "sensitive_attributes": [],
          "private": "eyJlMmJmYjczMC1lY2FhLTExZTYtOGY4OC0zNDM2M2JjN2M0YzAiOnsiY3JlYXRlIjo2MDAwMDAwMDAwMDAsImRlbGV0ZSI6MTIwMDAwMDAwMDAwMH0sInNjaGVtYV92ZXJzaW9uIjoiMSJ9",
          "dependencies": [
            "module.networking.aws_vpc.main"
          ]
        }
      ]
    },
    {
      "module": "module.networking",
      "mode": "managed",
      "type": "aws_subnet",
      "name": "public_subnets",
      "provider": "provider[\"registry.terraform.io/hashicorp/aws\"]",
      "instances": [
        {
          "index_key": 0,
          "schema_version": 1,
          "attributes": {
            "arn": "arn:aws:ec2:us-east-1:992293952919:subnet/subnet-06149a0e188b1d97b",
            "assign_ipv6_address_on_creation": false,
            "availability_zone": "us-east-1a",
            "availability_zone_id": "use1-az2",
            "cidr_block": "10.0.1.0/24",
            "customer_owned_ipv4_pool": "",
            "id": "subnet-06149a0e188b1d97b",
            "ipv6_cidr_block": "",
            "ipv6_cidr_block_association_id": "",
            "map_customer_owned_ip_on_launch": false,
            "map_public_ip_on_launch": false,
            "outpost_arn": "",
            "owner_id": "992293952919",
            "tags": {
              "Name": "subnet-public-us-east-1a"
            },
            "tags_all": {
              "Name": "subnet-public-us-east-1a"
            },
            "timeouts": null,
            "vpc_id": "vpc-0d78b0645766eb87b"
          },
          "sensitive_attributes": [],
          "private": "eyJlMmJmYjczMC1lY2FhLTExZTYtOGY4OC0zNDM2M2JjN2M0YzAiOnsiY3JlYXRlIjo2MDAwMDAwMDAwMDAsImRlbGV0ZSI6MTIwMDAwMDAwMDAwMH0sInNjaGVtYV92ZXJzaW9uIjoiMSJ9",
          "dependencies": [
            "module.networking.aws_vpc.main"
          ]
        },
        {
          "index_key": 1,
          "schema_version": 1,
          "attributes": {
            "arn": "arn:aws:ec2:us-east-1:992293952919:subnet/subnet-01dce5360997b1228",
            "assign_ipv6_address_on_creation": false,
            "availability_zone": "us-east-1b",
            "availability_zone_id": "use1-az4",
            "cidr_block": "10.0.2.0/24",
            "customer_owned_ipv4_pool": "",
            "id": "subnet-01dce5360997b1228",
            "ipv6_cidr_block": "",
            "ipv6_cidr_block_association_id": "",
            "map_customer_owned_ip_on_launch": false,
            "map_public_ip_on_launch": false,
            "outpost_arn": "",
            "owner_id": "992293952919",
            "tags": {
              "Name": "subnet-public-us-east-1b"
            },
            "tags_all": {
              "Name": "subnet-public-us-east-1b"
            },
            "timeouts": null,
            "vpc_id": "vpc-0d78b0645766eb87b"
          },
          "sensitive_attributes": [],
          "private": "eyJlMmJmYjczMC1lY2FhLTExZTYtOGY4OC0zNDM2M2JjN2M0YzAiOnsiY3JlYXRlIjo2MDAwMDAwMDAwMDAsImRlbGV0ZSI6MTIwMDAwMDAwMDAwMH0sInNjaGVtYV92ZXJzaW9uIjoiMSJ9",
          "dependencies": [
            "module.networking.aws_vpc.main"
          ]
        }
      ]
    },
    {
      "module": "module.networking",
      "mode": "managed",
      "type": "aws_vpc",
      "name": "main",
      "provider": "provider[\"registry.terraform.io/hashicorp/aws\"]",
      "instances": [
        {
          "schema_version": 1,
          "attributes": {
            "arn": "arn:aws:ec2:us-east-1:992293952919:vpc/vpc-0d78b0645766eb87b",
            "assign_generated_ipv6_cidr_block": false,
            "cidr_block": "10.0.0.0/16",
            "default_network_acl_id": "acl-095ee95a8019866e3",
            "default_route_table_id": "rtb-0f2680519599d2141",
            "default_security_group_id": "sg-007767b42d1e2febd",
            "dhcp_options_id": "dopt-172ad96d",
            "enable_classiclink": false,
            "enable_classiclink_dns_support": false,
            "enable_dns_hostnames": false,
            "enable_dns_support": true,
            "id": "vpc-0d78b0645766eb87b",
            "instance_tenancy": "default",
            "ipv4_ipam_pool_id": null,
            "ipv4_netmask_length": null,
            "ipv6_association_id": "",
            "ipv6_cidr_block": "",
            "ipv6_ipam_pool_id": null,
            "ipv6_netmask_length": null,
            "main_route_table_id": "rtb-0f2680519599d2141",
            "owner_id": "992293952919",
            "tags": {
              "Name": "node-app-prod-web"
            },
            "tags_all": {
              "Name": "node-app-prod-web"
            }
          },
          "sensitive_attributes": [],
          "private": "eyJzY2hlbWFfdmVyc2lvbiI6IjEifQ=="
        }
      ]
    },
    {
      "module": "module.rds-aurora_serverless",
      "mode": "data",
      "type": "aws_subnet_ids",
      "name": "all",
      "provider": "module.rds-aurora_serverless.provider[\"registry.terraform.io/hashicorp/aws\"]",
      "instances": [
        {
          "schema_version": 0,
          "attributes": {
            "filter": null,
            "id": "vpc-d7d482ad",
            "ids": [
              "subnet-121d1d3c",
              "subnet-1eaf7a53",
              "subnet-3215136e",
              "subnet-4dab912a",
              "subnet-97652ca9",
              "subnet-b3a25dbd"
            ],
            "tags": null,
            "vpc_id": "vpc-d7d482ad"
          },
          "sensitive_attributes": []
        }
      ]
    },
    {
      "module": "module.rds-aurora_serverless",
      "mode": "data",
      "type": "aws_vpc",
      "name": "default",
      "provider": "module.rds-aurora_serverless.provider[\"registry.terraform.io/hashicorp/aws\"]",
      "instances": [
        {
          "schema_version": 0,
          "attributes": {
            "arn": "arn:aws:ec2:us-east-1:992293952919:vpc/vpc-d7d482ad",
            "cidr_block": "172.31.0.0/16",
            "cidr_block_associations": [
              {
                "association_id": "vpc-cidr-assoc-08ad8e64",
                "cidr_block": "172.31.0.0/16",
                "state": "associated"
              }
            ],
            "default": true,
            "dhcp_options_id": "dopt-172ad96d",
            "enable_dns_hostnames": true,
            "enable_dns_support": true,
            "filter": null,
            "id": "vpc-d7d482ad",
            "instance_tenancy": "default",
            "ipv6_association_id": null,
            "ipv6_cidr_block": null,
            "main_route_table_id": "rtb-695b8617",
            "owner_id": "992293952919",
            "state": "available",
            "tags": {}
          },
          "sensitive_attributes": []
        }
      ]
    },
    {
      "module": "module.rds-aurora_serverless",
      "mode": "managed",
      "type": "aws_db_parameter_group",
      "name": "aurora_db_postgresql10_parameter_group",
      "provider": "module.rds-aurora_serverless.provider[\"registry.terraform.io/hashicorp/aws\"]",
      "instances": [
        {
          "schema_version": 0,
          "attributes": {
            "arn": "arn:aws:rds:us-east-1:992293952919:pg:test-postgresql10-parameter-group",
            "description": "test-postgresql10-parameter-group",
            "family": "aurora-postgresql10",
            "id": "test-postgresql10-parameter-group",
            "name": "test-postgresql10-parameter-group",
            "name_prefix": null,
            "parameter": [],
            "tags": null,
            "tags_all": {}
          },
          "sensitive_attributes": [],
          "private": "bnVsbA=="
        }
      ]
    },
    {
      "module": "module.rds-aurora_serverless",
      "mode": "managed",
      "type": "aws_rds_cluster_parameter_group",
      "name": "aurora_cluster_postgresql10_parameter_group",
      "provider": "module.rds-aurora_serverless.provider[\"registry.terraform.io/hashicorp/aws\"]",
      "instances": [
        {
          "schema_version": 0,
          "attributes": {
            "arn": "arn:aws:rds:us-east-1:992293952919:cluster-pg:test-postgresql10-cluster-parameter-group",
            "description": "test-postgresql10-cluster-parameter-group",
            "family": "aurora-postgresql10",
            "id": "test-postgresql10-cluster-parameter-group",
            "name": "test-postgresql10-cluster-parameter-group",
            "name_prefix": null,
            "parameter": [],
            "tags": null,
            "tags_all": {}
          },
          "sensitive_attributes": [],
          "private": "bnVsbA=="
        }
      ]
    },
    {
      "module": "module.rds-aurora_serverless",
      "mode": "managed",
      "type": "aws_security_group",
      "name": "app_servers",
      "provider": "module.rds-aurora_serverless.provider[\"registry.terraform.io/hashicorp/aws\"]",
      "instances": [
        {
          "schema_version": 1,
          "attributes": {
            "arn": "arn:aws:ec2:us-east-1:992293952919:security-group/sg-01d5bf1c8183d065d",
            "description": "For application servers",
            "egress": [],
            "id": "sg-01d5bf1c8183d065d",
            "ingress": [],
            "name": "app-servers",
            "name_prefix": "",
            "owner_id": "992293952919",
            "revoke_rules_on_delete": false,
            "tags": null,
            "tags_all": {},
            "timeouts": null,
            "vpc_id": "vpc-d7d482ad"
          },
          "sensitive_attributes": [],
          "private": "eyJlMmJmYjczMC1lY2FhLTExZTYtOGY4OC0zNDM2M2JjN2M0YzAiOnsiY3JlYXRlIjo2MDAwMDAwMDAwMDAsImRlbGV0ZSI6OTAwMDAwMDAwMDAwfSwic2NoZW1hX3ZlcnNpb24iOiIxIn0=",
          "dependencies": [
            "module.rds-aurora_serverless.data.aws_vpc.default"
          ]
        }
      ]
    },
    {
      "module": "module.rds-aurora_serverless",
      "mode": "managed",
      "type": "aws_security_group_rule",
      "name": "allow_access",
      "provider": "module.rds-aurora_serverless.provider[\"registry.terraform.io/hashicorp/aws\"]",
      "instances": [
        {
          "schema_version": 2,
          "attributes": {
            "cidr_blocks": null,
            "description": null,
            "from_port": 5432,
            "id": "sgrule-3065016953",
            "ipv6_cidr_blocks": null,
            "prefix_list_ids": null,
            "protocol": "tcp",
            "security_group_id": "sg-0390bdfdc490b0223",
            "self": false,
            "source_security_group_id": "sg-01d5bf1c8183d065d",
            "to_port": 5432,
            "type": "ingress"
          },
          "sensitive_attributes": [],
          "private": "eyJzY2hlbWFfdmVyc2lvbiI6IjIifQ==",
          "dependencies": [
            "module.rds-aurora_serverless.aws_rds_cluster_parameter_group.aurora_cluster_postgresql10_parameter_group",
            "module.rds-aurora_serverless.aws_security_group.app_servers",
            "module.rds-aurora_serverless.data.aws_subnet_ids.all",
            "module.rds-aurora_serverless.data.aws_vpc.default",
            "module.rds-aurora_serverless.module.aurora.aws_db_subnet_group.this",
            "module.rds-aurora_serverless.module.aurora.aws_rds_cluster.this",
            "module.rds-aurora_serverless.module.aurora.aws_security_group.this",
            "module.rds-aurora_serverless.module.aurora.random_id.snapshot_identifier",
            "module.rds-aurora_serverless.module.aurora.random_password.master_password"
          ]
        }
      ]
    },
    {
      "module": "module.rds-aurora_serverless.module.aurora",
      "mode": "data",
      "type": "aws_iam_policy_document",
      "name": "monitoring_rds_assume_role",
      "provider": "module.rds-aurora_serverless.provider[\"registry.terraform.io/hashicorp/aws\"]",
      "instances": [
        {
          "schema_version": 0,
          "attributes": {
            "id": "1813475199",
            "json": "{\n  \"Version\": \"2012-10-17\",\n  \"Statement\": [\n    {\n      \"Sid\": \"\",\n      \"Effect\": \"Allow\",\n      \"Action\": \"sts:AssumeRole\",\n      \"Principal\": {\n        \"Service\": \"monitoring.rds.amazonaws.com\"\n      }\n    }\n  ]\n}",
            "override_json": null,
            "override_policy_documents": null,
            "policy_id": null,
            "source_json": null,
            "source_policy_documents": null,
            "statement": [
              {
                "actions": [
                  "sts:AssumeRole"
                ],
                "condition": [],
                "effect": "Allow",
                "not_actions": [],
                "not_principals": [],
                "not_resources": [],
                "principals": [
                  {
                    "identifiers": [
                      "monitoring.rds.amazonaws.com"
                    ],
                    "type": "Service"
                  }
                ],
                "resources": [],
                "sid": ""
              }
            ],
            "version": "2012-10-17"
          },
          "sensitive_attributes": []
        }
      ]
    },
    {
      "module": "module.rds-aurora_serverless.module.aurora",
      "mode": "managed",
      "type": "aws_db_subnet_group",
      "name": "this",
      "provider": "module.rds-aurora_serverless.provider[\"registry.terraform.io/hashicorp/aws\"]",
      "instances": [
        {
          "index_key": 0,
          "schema_version": 0,
          "attributes": {
            "arn": "arn:aws:rds:us-east-1:992293952919:subgrp:aurora",
            "description": "For Aurora cluster aurora",
            "id": "aurora",
            "name": "aurora",
            "name_prefix": null,
            "subnet_ids": [
              "subnet-121d1d3c",
              "subnet-1eaf7a53",
              "subnet-3215136e",
              "subnet-4dab912a",
              "subnet-97652ca9",
              "subnet-b3a25dbd"
            ],
            "tags": {
              "Name": "aurora-aurora"
            },
            "tags_all": {
              "Name": "aurora-aurora"
            }
          },
          "sensitive_attributes": [],
          "private": "bnVsbA==",
          "dependencies": [
            "module.rds-aurora_serverless.data.aws_subnet_ids.all"
          ]
        }
      ]
    },
    {
      "module": "module.rds-aurora_serverless.module.aurora",
      "mode": "managed",
      "type": "aws_iam_role",
      "name": "rds_enhanced_monitoring",
      "provider": "module.rds-aurora_serverless.provider[\"registry.terraform.io/hashicorp/aws\"]",
      "instances": [
        {
          "index_key": 0,
          "schema_version": 0,
          "attributes": {
            "arn": "arn:aws:iam::992293952919:role/rds-enhanced-monitoring-aurora",
            "assume_role_policy": "{\"Version\":\"2012-10-17\",\"Statement\":[{\"Sid\":\"\",\"Effect\":\"Allow\",\"Principal\":{\"Service\":\"monitoring.rds.amazonaws.com\"},\"Action\":\"sts:AssumeRole\"}]}",
            "create_date": "2021-12-31T01:28:55Z",
            "description": "",
            "force_detach_policies": false,
            "id": "rds-enhanced-monitoring-aurora",
            "inline_policy": [
              {
                "name": "",
                "policy": ""
              }
            ],
            "managed_policy_arns": [],
            "max_session_duration": 3600,
            "name": "rds-enhanced-monitoring-aurora",
            "name_prefix": "",
            "path": "/",
            "permissions_boundary": null,
            "tags": {
              "Name": "aurora-aurora"
            },
            "tags_all": {
              "Name": "aurora-aurora"
            },
            "unique_id": "AROA6OCKUDWLQHNBLYCXP"
          },
          "sensitive_attributes": [],
          "private": "bnVsbA==",
          "dependencies": [
            "module.rds-aurora_serverless.module.aurora.data.aws_iam_policy_document.monitoring_rds_assume_role"
          ]
        }
      ]
    },
    {
      "module": "module.rds-aurora_serverless.module.aurora",
      "mode": "managed",
      "type": "aws_iam_role_policy_attachment",
      "name": "rds_enhanced_monitoring",
      "provider": "module.rds-aurora_serverless.provider[\"registry.terraform.io/hashicorp/aws\"]",
      "instances": [
        {
          "index_key": 0,
          "schema_version": 0,
          "attributes": {
            "id": "rds-enhanced-monitoring-aurora-20211231012856606200000002",
            "policy_arn": "arn:aws:iam::aws:policy/service-role/AmazonRDSEnhancedMonitoringRole",
            "role": "rds-enhanced-monitoring-aurora"
          },
          "sensitive_attributes": [],
          "private": "bnVsbA==",
          "dependencies": [
            "module.rds-aurora_serverless.module.aurora.aws_iam_role.rds_enhanced_monitoring",
            "module.rds-aurora_serverless.module.aurora.data.aws_iam_policy_document.monitoring_rds_assume_role"
          ]
        }
      ]
    },
    {
      "module": "module.rds-aurora_serverless.module.aurora",
      "mode": "managed",
      "type": "aws_rds_cluster",
      "name": "this",
      "provider": "module.rds-aurora_serverless.provider[\"registry.terraform.io/hashicorp/aws\"]",
      "instances": [
        {
          "index_key": 0,
          "schema_version": 0,
          "attributes": {
            "allow_major_version_upgrade": false,
            "apply_immediately": true,
            "arn": "arn:aws:rds:us-east-1:992293952919:cluster:aurora",
            "availability_zones": [
              "us-east-1a",
              "us-east-1b",
              "us-east-1c"
            ],
            "backtrack_window": 0,
            "backup_retention_period": 7,
            "cluster_identifier": "aurora",
            "cluster_identifier_prefix": null,
            "cluster_members": [],
            "cluster_resource_id": "cluster-7RC4RU2BBZCIE6T6P2HHZU46YM",
            "copy_tags_to_snapshot": false,
            "database_name": null,
            "db_cluster_parameter_group_name": "test-postgresql10-cluster-parameter-group",
            "db_instance_parameter_group_name": null,
            "db_subnet_group_name": "aurora",
            "deletion_protection": false,
            "enable_global_write_forwarding": false,
            "enable_http_endpoint": false,
            "enabled_cloudwatch_logs_exports": null,
            "endpoint": "aurora.cluster-cxntvube3dnm.us-east-1.rds.amazonaws.com",
            "engine": "aurora-postgresql",
            "engine_mode": "serverless",
            "engine_version": "10.14",
            "engine_version_actual": "10.14",
            "final_snapshot_identifier": "final-aurora-40c88955",
            "global_cluster_identifier": "",
            "hosted_zone_id": "Z2R2ITUGPM61AM",
            "iam_database_authentication_enabled": false,
            "iam_roles": [],
            "id": "aurora",
            "kms_key_id": "arn:aws:kms:us-east-1:992293952919:key/1908b2ae-5930-4cda-a794-86fa1b0b9fc8",
            "master_password": "k4dRysqrwf",
            "master_username": "root",
            "port": 5432,
            "preferred_backup_window": "02:00-03:00",
            "preferred_maintenance_window": "sun:05:00-sun:06:00",
            "reader_endpoint": "",
            "replication_source_identifier": "",
            "restore_to_point_in_time": [],
            "s3_import": [],
            "scaling_configuration": [
              {
                "auto_pause": true,
                "max_capacity": 16,
                "min_capacity": 2,
                "seconds_until_auto_pause": 300,
                "timeout_action": "ForceApplyCapacityChange"
              }
            ],
            "skip_final_snapshot": true,
            "snapshot_identifier": "",
            "source_region": "",
            "storage_encrypted": true,
            "tags": null,
            "tags_all": {},
            "timeouts": null,
            "vpc_security_group_ids": [
              "sg-0390bdfdc490b0223"
            ]
          },
          "sensitive_attributes": [
            [
              {
                "type": "get_attr",
                "value": "master_password"
              }
            ]
          ],
          "private": "eyJlMmJmYjczMC1lY2FhLTExZTYtOGY4OC0zNDM2M2JjN2M0YzAiOnsiY3JlYXRlIjo3MjAwMDAwMDAwMDAwLCJkZWxldGUiOjcyMDAwMDAwMDAwMDAsInVwZGF0ZSI6NzIwMDAwMDAwMDAwMH19",
          "dependencies": [
            "module.rds-aurora_serverless.aws_rds_cluster_parameter_group.aurora_cluster_postgresql10_parameter_group",
            "module.rds-aurora_serverless.data.aws_subnet_ids.all",
            "module.rds-aurora_serverless.data.aws_vpc.default",
            "module.rds-aurora_serverless.module.aurora.aws_db_subnet_group.this",
            "module.rds-aurora_serverless.module.aurora.aws_security_group.this",
            "module.rds-aurora_serverless.module.aurora.random_id.snapshot_identifier",
            "module.rds-aurora_serverless.module.aurora.random_password.master_password"
          ]
        }
      ]
    },
    {
      "module": "module.rds-aurora_serverless.module.aurora",
      "mode": "managed",
      "type": "aws_security_group",
      "name": "this",
      "provider": "module.rds-aurora_serverless.provider[\"registry.terraform.io/hashicorp/aws\"]",
      "instances": [
        {
          "index_key": 0,
          "schema_version": 1,
          "attributes": {
            "arn": "arn:aws:ec2:us-east-1:992293952919:security-group/sg-0390bdfdc490b0223",
            "description": "Managed by Terraform",
            "egress": [],
            "id": "sg-0390bdfdc490b0223",
            "ingress": [],
            "name": "aurora-20211231012855662800000001",
            "name_prefix": "aurora-",
            "owner_id": "992293952919",
            "revoke_rules_on_delete": false,
            "tags": {
              "Name": "aurora-aurora"
            },
            "tags_all": {
              "Name": "aurora-aurora"
            },
            "timeouts": null,
            "vpc_id": "vpc-d7d482ad"
          },
          "sensitive_attributes": [],
          "private": "eyJlMmJmYjczMC1lY2FhLTExZTYtOGY4OC0zNDM2M2JjN2M0YzAiOnsiY3JlYXRlIjo2MDAwMDAwMDAwMDAsImRlbGV0ZSI6OTAwMDAwMDAwMDAwfSwic2NoZW1hX3ZlcnNpb24iOiIxIn0=",
          "dependencies": [
            "module.rds-aurora_serverless.data.aws_vpc.default"
          ]
        }
      ]
    },
    {
      "module": "module.rds-aurora_serverless.module.aurora",
      "mode": "managed",
      "type": "random_id",
      "name": "snapshot_identifier",
      "provider": "provider[\"registry.terraform.io/hashicorp/random\"]",
      "instances": [
        {
          "index_key": 0,
          "schema_version": 0,
          "attributes": {
            "b64_std": "QMiJVQ==",
            "b64_url": "QMiJVQ",
            "byte_length": 4,
            "dec": "1086884181",
            "hex": "40c88955",
            "id": "QMiJVQ",
            "keepers": {
              "id": "aurora"
            },
            "prefix": null
          },
          "sensitive_attributes": [],
          "private": "bnVsbA=="
        }
      ]
    },
    {
      "module": "module.rds-aurora_serverless.module.aurora",
      "mode": "managed",
      "type": "random_password",
      "name": "master_password",
      "provider": "provider[\"registry.terraform.io/hashicorp/random\"]",
      "instances": [
        {
          "index_key": 0,
          "schema_version": 0,
          "attributes": {
            "id": "none",
            "keepers": null,
            "length": 10,
            "lower": true,
            "min_lower": 0,
            "min_numeric": 0,
            "min_special": 0,
            "min_upper": 0,
            "number": true,
            "override_special": null,
            "result": "k4dRysqrwf",
            "special": false,
            "upper": true
          },
          "sensitive_attributes": [],
          "private": "bnVsbA=="
        }
      ]
    }
  ]
}
